{
  "version": 4,
  "terraform_version": "1.8.5",
  "serial": 7133,
  "lineage": "81a02672-3438-1e8e-bdf6-712ecf84e3f2",
  "outputs": {},
  "resources": [
    {
      "mode": "data",
      "type": "aws_caller_identity",
      "name": "current",
      "provider": "provider[\"registry.terraform.io/hashicorp/aws\"]",
      "instances": [
        {
          "schema_version": 0,
          "attributes": {
            "account_id": "767397742222",
            "arn": "arn:aws:iam::767397742222:user/root.dev",
            "id": "767397742222",
            "user_id": "AIDA3FLDYI2HE6M7K4D6V"
          },
          "sensitive_attributes": []
        }
      ]
    },
    {
      "mode": "managed",
      "type": "aws_route53_zone",
      "name": "primary",
      "provider": "provider[\"registry.terraform.io/hashicorp/aws\"]",
      "instances": [
        {
          "schema_version": 0,
          "attributes": {
            "arn": "arn:aws:route53:::hostedzone/Z005244429D5U82OWF499",
            "comment": "Managed by Terraform",
            "delegation_set_id": "",
            "force_destroy": false,
            "id": "Z005244429D5U82OWF499",
            "name": "dev.flipeon.com",
            "name_servers": [
              "ns-1008.awsdns-62.net",
              "ns-1043.awsdns-02.org",
              "ns-1548.awsdns-01.co.uk",
              "ns-52.awsdns-06.com"
            ],
            "primary_name_server": "ns-1043.awsdns-02.org",
            "tags": {},
            "tags_all": {},
            "vpc": [],
            "zone_id": "Z005244429D5U82OWF499"
          },
          "sensitive_attributes": [],
          "private": "bnVsbA=="
        }
      ]
    },
    {
      "module": "module.cloudwatch",
      "mode": "managed",
      "type": "aws_cloudwatch_log_group",
      "name": "aws_cloudwatch",
      "provider": "provider[\"registry.terraform.io/hashicorp/aws\"]",
      "instances": [
        {
          "schema_version": 0,
          "attributes": {
            "arn": "arn:aws:logs:us-east-1:767397742222:log-group:flipeon-logs-dev",
            "id": "flipeon-logs-dev",
            "kms_key_id": "",
            "log_group_class": "STANDARD",
            "name": "flipeon-logs-dev",
            "name_prefix": "",
            "retention_in_days": 0,
            "skip_destroy": false,
            "tags": {},
            "tags_all": {}
          },
          "sensitive_attributes": [],
          "private": "bnVsbA=="
        }
      ]
    },
    {
      "module": "module.docs_bucket",
      "mode": "managed",
      "type": "aws_s3_bucket",
      "name": "bucket",
      "provider": "provider[\"registry.terraform.io/hashicorp/aws\"]",
      "instances": [
        {
          "schema_version": 0,
          "attributes": {
            "acceleration_status": "",
            "acl": null,
            "arn": "arn:aws:s3:::docs-bucket-flipeon-dev",
            "bucket": "docs-bucket-flipeon-dev",
            "bucket_domain_name": "docs-bucket-flipeon-dev.s3.amazonaws.com",
            "bucket_prefix": "",
            "bucket_regional_domain_name": "docs-bucket-flipeon-dev.s3.us-east-1.amazonaws.com",
            "cors_rule": [],
            "force_destroy": false,
            "grant": [
              {
                "id": "466ea7a24b078ca4fc514b88d39e746b76ee88af9331a5ffe0c0f006c4d0cb62",
                "permissions": [
                  "FULL_CONTROL"
                ],
                "type": "CanonicalUser",
                "uri": ""
              }
            ],
            "hosted_zone_id": "Z3AQBSTGFYJSTF",
            "id": "docs-bucket-flipeon-dev",
            "lifecycle_rule": [],
            "logging": [],
            "object_lock_configuration": [],
            "object_lock_enabled": false,
            "policy": "{\"Statement\":[{\"Action\":[\"s3:GetObject\",\"s3:ListBucket\"],\"Effect\":\"Allow\",\"Principal\":\"*\",\"Resource\":[\"arn:aws:s3:::docs-bucket-flipeon-dev\",\"arn:aws:s3:::docs-bucket-flipeon-dev/*\"]}],\"Version\":\"2012-10-17\"}",
            "region": "us-east-1",
            "replication_configuration": [],
            "request_payer": "BucketOwner",
            "server_side_encryption_configuration": [
              {
                "rule": [
                  {
                    "apply_server_side_encryption_by_default": [
                      {
                        "kms_master_key_id": "",
                        "sse_algorithm": "AES256"
                      }
                    ],
                    "bucket_key_enabled": false
                  }
                ]
              }
            ],
            "tags": {
              "Name": "docs-bucket-flipeon-dev",
              "ProjectGroup": "grp-flipeon-dev"
            },
            "tags_all": {
              "Name": "docs-bucket-flipeon-dev",
              "ProjectGroup": "grp-flipeon-dev"
            },
            "timeouts": null,
            "versioning": [
              {
                "enabled": false,
                "mfa_delete": false
              }
            ],
            "website": [],
            "website_domain": null,
            "website_endpoint": null
          },
          "sensitive_attributes": [],
          "private": "eyJlMmJmYjczMC1lY2FhLTExZTYtOGY4OC0zNDM2M2JjN2M0YzAiOnsiY3JlYXRlIjoxMjAwMDAwMDAwMDAwLCJkZWxldGUiOjM2MDAwMDAwMDAwMDAsInJlYWQiOjEyMDAwMDAwMDAwMDAsInVwZGF0ZSI6MTIwMDAwMDAwMDAwMH19"
        }
      ]
    },
    {
      "module": "module.docs_bucket",
      "mode": "managed",
      "type": "aws_s3_bucket_policy",
      "name": "bucket_policy",
      "provider": "provider[\"registry.terraform.io/hashicorp/aws\"]",
      "instances": [
        {
          "schema_version": 0,
          "attributes": {
            "bucket": "docs-bucket-flipeon-dev",
            "id": "docs-bucket-flipeon-dev",
            "policy": "{\"Statement\":[{\"Action\":[\"s3:GetObject\",\"s3:ListBucket\"],\"Effect\":\"Allow\",\"Principal\":\"*\",\"Resource\":[\"arn:aws:s3:::docs-bucket-flipeon-dev\",\"arn:aws:s3:::docs-bucket-flipeon-dev/*\"]}],\"Version\":\"2012-10-17\"}"
          },
          "sensitive_attributes": [],
          "private": "bnVsbA==",
          "dependencies": [
            "module.docs_bucket.aws_s3_bucket.bucket",
            "module.docs_bucket.aws_s3_bucket_public_access_block.bucket_policy_settings"
          ]
        }
      ]
    },
    {
      "module": "module.docs_bucket",
      "mode": "managed",
      "type": "aws_s3_bucket_public_access_block",
      "name": "bucket_policy_settings",
      "provider": "provider[\"registry.terraform.io/hashicorp/aws\"]",
      "instances": [
        {
          "schema_version": 0,
          "attributes": {
            "block_public_acls": false,
            "block_public_policy": false,
            "bucket": "docs-bucket-flipeon-dev",
            "id": "docs-bucket-flipeon-dev",
            "ignore_public_acls": false,
            "restrict_public_buckets": false
          },
          "sensitive_attributes": [],
          "private": "bnVsbA==",
          "dependencies": [
            "module.docs_bucket.aws_s3_bucket.bucket"
          ]
        }
      ]
    },
    {
      "module": "module.ecs_api",
      "mode": "data",
      "type": "aws_caller_identity",
      "name": "current",
      "provider": "provider[\"registry.terraform.io/hashicorp/aws\"]",
      "instances": [
        {
          "schema_version": 0,
          "attributes": {
            "account_id": "767397742222",
            "arn": "arn:aws:iam::767397742222:user/root.dev",
            "id": "767397742222",
            "user_id": "AIDA3FLDYI2HE6M7K4D6V"
          },
          "sensitive_attributes": []
        }
      ]
    },
    {
      "module": "module.ecs_api",
      "mode": "managed",
      "type": "aws_cloudwatch_log_group",
      "name": "ecs_log_group",
      "provider": "provider[\"registry.terraform.io/hashicorp/aws\"]",
      "instances": [
        {
          "schema_version": 0,
          "attributes": {
            "arn": "arn:aws:logs:us-east-1:767397742222:log-group:/ecs/flipeon-api-dev",
            "id": "/ecs/flipeon-api-dev",
            "kms_key_id": "",
            "log_group_class": "STANDARD",
            "name": "/ecs/flipeon-api-dev",
            "name_prefix": "",
            "retention_in_days": 7,
            "skip_destroy": false,
            "tags": {},
            "tags_all": {}
          },
          "sensitive_attributes": [],
          "private": "bnVsbA==",
          "dependencies": [
            "module.load_balancer.aws_lb.application",
            "module.load_balancer.aws_lb_listener.http",
            "module.load_balancer.aws_lb_listener.http2",
            "module.load_balancer.aws_lb_listener.https",
            "module.load_balancer.aws_lb_target_group.application",
            "module.logs_bucket.aws_s3_bucket.bucket",
            "module.network.aws_subnet.private",
            "module.network.aws_vpc.main",
            "module.network.data.aws_availability_zones.available",
            "module.security_groups.aws_security_group.ecs"
          ]
        }
      ]
    },
    {
      "module": "module.ecs_api",
      "mode": "managed",
      "type": "aws_ecs_cluster",
      "name": "main",
      "provider": "provider[\"registry.terraform.io/hashicorp/aws\"]",
      "instances": [
        {
          "schema_version": 0,
          "attributes": {
            "arn": "arn:aws:ecs:us-east-1:767397742222:cluster/flipeon-api-dev",
            "configuration": [],
            "id": "arn:aws:ecs:us-east-1:767397742222:cluster/flipeon-api-dev",
            "name": "flipeon-api-dev",
            "service_connect_defaults": [],
            "setting": [
              {
                "name": "containerInsights",
                "value": "disabled"
              }
            ],
            "tags": {},
            "tags_all": {}
          },
          "sensitive_attributes": [],
          "private": "bnVsbA==",
          "dependencies": [
            "module.load_balancer.aws_lb.application",
            "module.load_balancer.aws_lb_listener.http",
            "module.load_balancer.aws_lb_listener.http2",
            "module.load_balancer.aws_lb_listener.https",
            "module.load_balancer.aws_lb_target_group.application",
            "module.logs_bucket.aws_s3_bucket.bucket",
            "module.network.aws_subnet.private",
            "module.network.aws_vpc.main",
            "module.network.data.aws_availability_zones.available",
            "module.security_groups.aws_security_group.ecs"
          ]
        }
      ]
    },
    {
      "module": "module.ecs_api",
      "mode": "managed",
      "type": "aws_ecs_service",
      "name": "main",
      "provider": "provider[\"registry.terraform.io/hashicorp/aws\"]",
      "instances": [
        {
          "schema_version": 1,
          "attributes": {
            "alarms": [],
            "capacity_provider_strategy": [],
            "cluster": "arn:aws:ecs:us-east-1:767397742222:cluster/flipeon-api-dev",
            "deployment_circuit_breaker": [
              {
                "enable": false,
                "rollback": false
              }
            ],
            "deployment_controller": [
              {
                "type": "ECS"
              }
            ],
            "deployment_maximum_percent": 200,
            "deployment_minimum_healthy_percent": 50,
            "desired_count": 1,
            "enable_ecs_managed_tags": false,
            "enable_execute_command": false,
            "force_new_deployment": null,
            "health_check_grace_period_seconds": 0,
            "iam_role": "/aws-service-role/ecs.amazonaws.com/AWSServiceRoleForECS",
            "id": "arn:aws:ecs:us-east-1:767397742222:service/flipeon-api-dev/flipeon-api-dev",
            "launch_type": "FARGATE",
            "load_balancer": [
              {
                "container_name": "flipeon-api-dev",
                "container_port": 80,
                "elb_name": "",
                "target_group_arn": "arn:aws:elasticloadbalancing:us-east-1:767397742222:targetgroup/tg-lb-flipeon-dev/38da65fe3ce02a09"
              }
            ],
            "name": "flipeon-api-dev",
            "network_configuration": [
              {
                "assign_public_ip": true,
                "security_groups": [
                  "sg-05f8819fa1c7eb5bb"
                ],
                "subnets": [
                  "subnet-0109cf9a69bb0f1c4",
                  "subnet-05e06403fd7750f32",
                  "subnet-08692561d25381158"
                ]
              }
            ],
            "ordered_placement_strategy": [],
            "placement_constraints": [],
            "platform_version": "LATEST",
            "propagate_tags": "NONE",
            "scheduling_strategy": "REPLICA",
            "service_connect_configuration": [],
            "service_registries": [],
            "tags": {},
            "tags_all": {},
            "task_definition": "arn:aws:ecs:us-east-1:767397742222:task-definition/flipeon-api-dev:30",
            "timeouts": null,
            "triggers": {},
            "volume_configuration": [],
            "wait_for_steady_state": false
          },
          "sensitive_attributes": [],
          "private": "eyJlMmJmYjczMC1lY2FhLTExZTYtOGY4OC0zNDM2M2JjN2M0YzAiOnsiY3JlYXRlIjoxMjAwMDAwMDAwMDAwLCJkZWxldGUiOjEyMDAwMDAwMDAwMDAsInVwZGF0ZSI6MTIwMDAwMDAwMDAwMH0sInNjaGVtYV92ZXJzaW9uIjoiMSJ9",
          "dependencies": [
            "data.aws_caller_identity.current",
            "module.ecs_api.aws_ecs_cluster.main",
            "module.ecs_api.aws_ecs_task_definition.main",
            "module.ecs_api.aws_iam_role.ecs_task_execution",
            "module.load_balancer.aws_lb.application",
            "module.load_balancer.aws_lb_listener.http",
            "module.load_balancer.aws_lb_listener.http2",
            "module.load_balancer.aws_lb_listener.https",
            "module.load_balancer.aws_lb_target_group.application",
            "module.logs_bucket.aws_s3_bucket.bucket",
            "module.network.aws_subnet.private",
            "module.network.aws_subnet.public",
            "module.network.aws_vpc.main",
            "module.network.data.aws_availability_zones.available",
            "module.security_groups.aws_security_group.ecs"
          ]
        }
      ]
    },
    {
      "module": "module.ecs_api",
      "mode": "managed",
      "type": "aws_ecs_task_definition",
      "name": "main",
      "provider": "provider[\"registry.terraform.io/hashicorp/aws\"]",
      "instances": [
        {
          "schema_version": 1,
          "attributes": {
            "arn": "arn:aws:ecs:us-east-1:767397742222:task-definition/flipeon-api-dev:30",
            "arn_without_revision": "arn:aws:ecs:us-east-1:767397742222:task-definition/flipeon-api-dev",
            "container_definitions": "[{\"Command\":null,\"Cpu\":0,\"CredentialSpecs\":null,\"DependsOn\":null,\"DisableNetworking\":null,\"DnsSearchDomains\":null,\"DnsServers\":null,\"DockerLabels\":null,\"DockerSecurityOptions\":null,\"EntryPoint\":null,\"Environment\":[],\"EnvironmentFiles\":null,\"Essential\":true,\"ExtraHosts\":null,\"FirelensConfiguration\":null,\"HealthCheck\":null,\"Hostname\":null,\"Image\":\"767397742222.dkr.ecr.us-east-1.amazonaws.com/flipeon-api:pre-release\",\"Interactive\":null,\"Links\":null,\"LinuxParameters\":null,\"LogConfiguration\":{\"LogDriver\":\"awslogs\",\"Options\":{\"awslogs-group\":\"/ecs/flipeon-api-dev\",\"awslogs-region\":\"us-east-1\",\"awslogs-stream-prefix\":\"ecs\"},\"SecretOptions\":null},\"Memory\":null,\"MemoryReservation\":null,\"MountPoints\":[],\"Name\":\"flipeon-api-dev\",\"PortMappings\":[{\"AppProtocol\":\"\",\"ContainerPort\":80,\"ContainerPortRange\":null,\"HostPort\":80,\"Name\":null,\"Protocol\":\"tcp\"}],\"Privileged\":null,\"PseudoTerminal\":null,\"ReadonlyRootFilesystem\":null,\"RepositoryCredentials\":null,\"ResourceRequirements\":null,\"Secrets\":null,\"StartTimeout\":null,\"StopTimeout\":null,\"SystemControls\":[],\"Ulimits\":null,\"User\":null,\"VolumesFrom\":[],\"WorkingDirectory\":null}]\n",
            "cpu": "256",
            "ephemeral_storage": [],
            "execution_role_arn": "arn:aws:iam::767397742222:role/flipeon-api-dev-ecs-task-execution-role",
            "family": "flipeon-api-dev",
            "id": "flipeon-api-dev",
            "inference_accelerator": [],
            "ipc_mode": "",
            "memory": "512",
            "network_mode": "awsvpc",
            "pid_mode": "",
            "placement_constraints": [],
            "proxy_configuration": [],
            "requires_compatibilities": [
              "FARGATE"
            ],
            "revision": 30,
            "runtime_platform": [],
            "skip_destroy": false,
            "tags": {},
            "tags_all": {},
            "task_role_arn": "arn:aws:iam::767397742222:role/flipeon-api-dev-ecs-task-execution-role",
            "track_latest": false,
            "volume": []
          },
          "sensitive_attributes": [],
          "private": "eyJzY2hlbWFfdmVyc2lvbiI6IjEifQ==",
          "dependencies": [
            "data.aws_caller_identity.current",
            "module.ecs_api.aws_iam_role.ecs_task_execution",
            "module.load_balancer.aws_lb.application",
            "module.load_balancer.aws_lb_listener.http",
            "module.load_balancer.aws_lb_listener.http2",
            "module.load_balancer.aws_lb_listener.https",
            "module.load_balancer.aws_lb_target_group.application",
            "module.logs_bucket.aws_s3_bucket.bucket",
            "module.network.aws_subnet.private",
            "module.network.aws_vpc.main",
            "module.network.data.aws_availability_zones.available",
            "module.security_groups.aws_security_group.ecs"
          ]
        }
      ]
    },
    {
      "module": "module.ecs_api",
      "mode": "managed",
      "type": "aws_iam_policy",
      "name": "ecr_access_policy",
      "provider": "provider[\"registry.terraform.io/hashicorp/aws\"]",
      "instances": [
        {
          "schema_version": 0,
          "attributes": {
            "arn": "arn:aws:iam::767397742222:policy/flipeon-api-dev-ecr-access-policy",
            "attachment_count": 0,
            "description": "Permissão para acessar o Amazon ECR",
            "id": "arn:aws:iam::767397742222:policy/flipeon-api-dev-ecr-access-policy",
            "name": "flipeon-api-dev-ecr-access-policy",
            "name_prefix": "",
            "path": "/",
            "policy": "{\"Statement\":[{\"Action\":[\"ecr:GetDownloadUrlForLayer\",\"ecr:BatchGetImage\",\"ecr:GetAuthorizationToken\"],\"Effect\":\"Allow\",\"Resource\":\"*\"}],\"Version\":\"2012-10-17\"}",
            "policy_id": "ANPA3FLDYI2HI2PV3QQKD",
            "tags": null,
            "tags_all": {}
          },
          "sensitive_attributes": [],
          "private": "bnVsbA==",
          "dependencies": [
            "module.load_balancer.aws_lb.application",
            "module.load_balancer.aws_lb_listener.http",
            "module.load_balancer.aws_lb_listener.http2",
            "module.load_balancer.aws_lb_listener.https",
            "module.load_balancer.aws_lb_target_group.application",
            "module.logs_bucket.aws_s3_bucket.bucket",
            "module.network.aws_subnet.private",
            "module.network.aws_vpc.main",
            "module.network.data.aws_availability_zones.available",
            "module.security_groups.aws_security_group.ecs"
          ]
        }
      ]
    },
    {
      "module": "module.ecs_api",
      "mode": "managed",
      "type": "aws_iam_role",
      "name": "ecs_task_execution",
      "provider": "provider[\"registry.terraform.io/hashicorp/aws\"]",
      "instances": [
        {
          "schema_version": 0,
          "attributes": {
            "arn": "arn:aws:iam::767397742222:role/flipeon-api-dev-ecs-task-execution-role",
            "assume_role_policy": "{\"Statement\":[{\"Action\":\"sts:AssumeRole\",\"Effect\":\"Allow\",\"Principal\":{\"Service\":\"ecs-tasks.amazonaws.com\"}}],\"Version\":\"2012-10-17\"}",
            "create_date": "2024-07-22T11:22:44Z",
            "description": "",
            "force_detach_policies": false,
            "id": "flipeon-api-dev-ecs-task-execution-role",
            "inline_policy": [
              {
                "name": "flipeon-api-dev-ecs-task-execution-policy",
                "policy": "{\"Version\":\"2012-10-17\",\"Statement\":[{\"Action\":[\"logs:CreateLogStream\",\"logs:PutLogEvents\"],\"Effect\":\"Allow\",\"Resource\":\"arn:aws:logs:us-east-1:767397742222:log-group:/ecs/flipeon-api-dev:*\"}]}"
              }
            ],
            "managed_policy_arns": [],
            "max_session_duration": 3600,
            "name": "flipeon-api-dev-ecs-task-execution-role",
            "name_prefix": "",
            "path": "/",
            "permissions_boundary": "",
            "tags": {},
            "tags_all": {},
            "unique_id": "AROA3FLDYI2HOWN2TOHR4"
          },
          "sensitive_attributes": [],
          "private": "bnVsbA==",
          "dependencies": [
            "module.load_balancer.aws_lb.application",
            "module.load_balancer.aws_lb_listener.http",
            "module.load_balancer.aws_lb_listener.http2",
            "module.load_balancer.aws_lb_listener.https",
            "module.load_balancer.aws_lb_target_group.application",
            "module.logs_bucket.aws_s3_bucket.bucket",
            "module.network.aws_subnet.private",
            "module.network.aws_vpc.main",
            "module.network.data.aws_availability_zones.available",
            "module.security_groups.aws_security_group.ecs"
          ]
        }
      ]
    },
    {
      "module": "module.ecs_api",
      "mode": "managed",
      "type": "aws_iam_role_policy",
      "name": "ecs_task_execution_policy",
      "provider": "provider[\"registry.terraform.io/hashicorp/aws\"]",
      "instances": [
        {
          "schema_version": 0,
          "attributes": {
            "id": "flipeon-api-dev-ecs-task-execution-role:flipeon-api-dev-ecs-task-execution-policy",
            "name": "flipeon-api-dev-ecs-task-execution-policy",
            "name_prefix": "",
            "policy": "{\"Version\":\"2012-10-17\",\"Statement\":[{\"Action\":[\"logs:CreateLogStream\",\"logs:PutLogEvents\"],\"Effect\":\"Allow\",\"Resource\":\"arn:aws:logs:us-east-1:767397742222:log-group:/ecs/flipeon-api-dev:*\"}]}",
            "role": "flipeon-api-dev-ecs-task-execution-role"
          },
          "sensitive_attributes": [],
          "private": "bnVsbA==",
          "dependencies": [
            "module.ecs_api.aws_iam_role.ecs_task_execution",
            "module.ecs_api.data.aws_caller_identity.current",
            "module.load_balancer.aws_lb.application",
            "module.load_balancer.aws_lb_listener.http",
            "module.load_balancer.aws_lb_listener.http2",
            "module.load_balancer.aws_lb_listener.https",
            "module.load_balancer.aws_lb_target_group.application",
            "module.logs_bucket.aws_s3_bucket.bucket",
            "module.network.aws_subnet.private",
            "module.network.aws_vpc.main",
            "module.network.data.aws_availability_zones.available",
            "module.security_groups.aws_security_group.ecs"
          ]
        }
      ]
    },
    {
      "module": "module.ecs_api",
      "mode": "managed",
      "type": "aws_iam_role_policy_attachment",
      "name": "ecr_access_attachment",
      "provider": "provider[\"registry.terraform.io/hashicorp/aws\"]",
      "instances": [
        {
          "schema_version": 0,
          "attributes": {
            "id": "flipeon-api-dev-ecs-task-execution-role-20240726130149245500000001",
            "policy_arn": "arn:aws:iam::767397742222:policy/flipeon-api-dev-ecr-access-policy",
            "role": "flipeon-api-dev-ecs-task-execution-role"
          },
          "sensitive_attributes": [],
          "private": "bnVsbA==",
          "dependencies": [
            "module.ecs_api.aws_iam_policy.ecr_access_policy",
            "module.ecs_api.aws_iam_role.ecs_task_execution",
            "module.load_balancer.aws_lb.application",
            "module.load_balancer.aws_lb_listener.http",
            "module.load_balancer.aws_lb_listener.http2",
            "module.load_balancer.aws_lb_listener.https",
            "module.load_balancer.aws_lb_target_group.application",
            "module.logs_bucket.aws_s3_bucket.bucket",
            "module.network.aws_subnet.private",
            "module.network.aws_vpc.main",
            "module.network.data.aws_availability_zones.available",
            "module.security_groups.aws_security_group.ecs"
          ]
        }
      ]
    },
    {
      "module": "module.ecs_app",
      "mode": "data",
      "type": "aws_caller_identity",
      "name": "current",
      "provider": "provider[\"registry.terraform.io/hashicorp/aws\"]",
      "instances": [
        {
          "schema_version": 0,
          "attributes": {
            "account_id": "767397742222",
            "arn": "arn:aws:iam::767397742222:user/root.dev",
            "id": "767397742222",
            "user_id": "AIDA3FLDYI2HE6M7K4D6V"
          },
          "sensitive_attributes": []
        }
      ]
    },
    {
      "module": "module.ecs_app",
      "mode": "managed",
      "type": "aws_cloudwatch_log_group",
      "name": "ecs_log_group",
      "provider": "provider[\"registry.terraform.io/hashicorp/aws\"]",
      "instances": [
        {
          "schema_version": 0,
          "attributes": {
            "arn": "arn:aws:logs:us-east-1:767397742222:log-group:/ecs/flipeon-app-dev",
            "id": "/ecs/flipeon-app-dev",
            "kms_key_id": "",
            "log_group_class": "STANDARD",
            "name": "/ecs/flipeon-app-dev",
            "name_prefix": "",
            "retention_in_days": 7,
            "skip_destroy": false,
            "tags": {},
            "tags_all": {}
          },
          "sensitive_attributes": [],
          "private": "bnVsbA==",
          "dependencies": [
            "module.load_balancer.aws_lb.application",
            "module.load_balancer.aws_lb_listener.http",
            "module.load_balancer.aws_lb_listener.http2",
            "module.load_balancer.aws_lb_listener.https",
            "module.load_balancer.aws_lb_target_group.application",
            "module.logs_bucket.aws_s3_bucket.bucket",
            "module.network.aws_subnet.private",
            "module.network.aws_vpc.main",
            "module.network.data.aws_availability_zones.available",
            "module.security_groups.aws_security_group.ecs"
          ]
        }
      ]
    },
    {
      "module": "module.ecs_app",
      "mode": "managed",
      "type": "aws_ecs_cluster",
      "name": "main",
      "provider": "provider[\"registry.terraform.io/hashicorp/aws\"]",
      "instances": [
        {
          "schema_version": 0,
          "attributes": {
            "arn": "arn:aws:ecs:us-east-1:767397742222:cluster/flipeon-app-dev",
            "configuration": [],
            "id": "arn:aws:ecs:us-east-1:767397742222:cluster/flipeon-app-dev",
            "name": "flipeon-app-dev",
            "service_connect_defaults": [],
            "setting": [
              {
                "name": "containerInsights",
                "value": "disabled"
              }
            ],
            "tags": {},
            "tags_all": {}
          },
          "sensitive_attributes": [],
          "private": "bnVsbA==",
          "dependencies": [
            "module.load_balancer.aws_lb.application",
            "module.load_balancer.aws_lb_listener.http",
            "module.load_balancer.aws_lb_listener.http2",
            "module.load_balancer.aws_lb_listener.https",
            "module.load_balancer.aws_lb_target_group.application",
            "module.logs_bucket.aws_s3_bucket.bucket",
            "module.network.aws_subnet.private",
            "module.network.aws_vpc.main",
            "module.network.data.aws_availability_zones.available",
            "module.security_groups.aws_security_group.ecs"
          ]
        }
      ]
    },
    {
      "module": "module.ecs_app",
      "mode": "managed",
      "type": "aws_ecs_service",
      "name": "main",
      "provider": "provider[\"registry.terraform.io/hashicorp/aws\"]",
      "instances": [
        {
          "schema_version": 1,
          "attributes": {
            "alarms": [],
            "capacity_provider_strategy": [],
            "cluster": "arn:aws:ecs:us-east-1:767397742222:cluster/flipeon-app-dev",
            "deployment_circuit_breaker": [
              {
                "enable": false,
                "rollback": false
              }
            ],
            "deployment_controller": [
              {
                "type": "ECS"
              }
            ],
            "deployment_maximum_percent": 200,
            "deployment_minimum_healthy_percent": 50,
            "desired_count": 1,
            "enable_ecs_managed_tags": false,
            "enable_execute_command": false,
            "force_new_deployment": null,
            "health_check_grace_period_seconds": 0,
            "iam_role": "/aws-service-role/ecs.amazonaws.com/AWSServiceRoleForECS",
            "id": "arn:aws:ecs:us-east-1:767397742222:service/flipeon-app-dev/flipeon-app-dev",
            "launch_type": "FARGATE",
            "load_balancer": [
              {
                "container_name": "flipeon-app-dev",
                "container_port": 80,
                "elb_name": "",
                "target_group_arn": "arn:aws:elasticloadbalancing:us-east-1:767397742222:targetgroup/tg-lb-flipeon-dev/38da65fe3ce02a09"
              }
            ],
            "name": "flipeon-app-dev",
            "network_configuration": [
              {
                "assign_public_ip": true,
                "security_groups": [
                  "sg-05f8819fa1c7eb5bb"
                ],
                "subnets": [
                  "subnet-0109cf9a69bb0f1c4",
                  "subnet-05e06403fd7750f32",
                  "subnet-08692561d25381158"
                ]
              }
            ],
            "ordered_placement_strategy": [],
            "placement_constraints": [],
            "platform_version": "LATEST",
            "propagate_tags": "NONE",
            "scheduling_strategy": "REPLICA",
            "service_connect_configuration": [],
            "service_registries": [],
            "tags": {},
            "tags_all": {},
            "task_definition": "arn:aws:ecs:us-east-1:767397742222:task-definition/flipeon-app-dev:30",
            "timeouts": null,
            "triggers": {},
            "volume_configuration": [],
            "wait_for_steady_state": false
          },
          "sensitive_attributes": [],
          "private": "eyJlMmJmYjczMC1lY2FhLTExZTYtOGY4OC0zNDM2M2JjN2M0YzAiOnsiY3JlYXRlIjoxMjAwMDAwMDAwMDAwLCJkZWxldGUiOjEyMDAwMDAwMDAwMDAsInVwZGF0ZSI6MTIwMDAwMDAwMDAwMH0sInNjaGVtYV92ZXJzaW9uIjoiMSJ9",
          "dependencies": [
            "data.aws_caller_identity.current",
            "module.ecs_app.aws_ecs_cluster.main",
            "module.ecs_app.aws_ecs_task_definition.main",
            "module.ecs_app.aws_iam_role.ecs_task_execution",
            "module.load_balancer.aws_lb.application",
            "module.load_balancer.aws_lb_listener.http",
            "module.load_balancer.aws_lb_listener.http2",
            "module.load_balancer.aws_lb_listener.https",
            "module.load_balancer.aws_lb_target_group.application",
            "module.logs_bucket.aws_s3_bucket.bucket",
            "module.network.aws_subnet.private",
            "module.network.aws_subnet.public",
            "module.network.aws_vpc.main",
            "module.network.data.aws_availability_zones.available",
            "module.security_groups.aws_security_group.ecs"
          ]
        }
      ]
    },
    {
      "module": "module.ecs_app",
      "mode": "managed",
      "type": "aws_ecs_task_definition",
      "name": "main",
      "provider": "provider[\"registry.terraform.io/hashicorp/aws\"]",
      "instances": [
        {
          "schema_version": 1,
          "attributes": {
            "arn": "arn:aws:ecs:us-east-1:767397742222:task-definition/flipeon-app-dev:30",
            "arn_without_revision": "arn:aws:ecs:us-east-1:767397742222:task-definition/flipeon-app-dev",
            "container_definitions": "[{\"Command\":null,\"Cpu\":0,\"CredentialSpecs\":null,\"DependsOn\":null,\"DisableNetworking\":null,\"DnsSearchDomains\":null,\"DnsServers\":null,\"DockerLabels\":null,\"DockerSecurityOptions\":null,\"EntryPoint\":null,\"Environment\":[],\"EnvironmentFiles\":null,\"Essential\":true,\"ExtraHosts\":null,\"FirelensConfiguration\":null,\"HealthCheck\":null,\"Hostname\":null,\"Image\":\"767397742222.dkr.ecr.us-east-1.amazonaws.com/flipeon-app:pre-release\",\"Interactive\":null,\"Links\":null,\"LinuxParameters\":null,\"LogConfiguration\":{\"LogDriver\":\"awslogs\",\"Options\":{\"awslogs-group\":\"/ecs/flipeon-app-dev\",\"awslogs-region\":\"us-east-1\",\"awslogs-stream-prefix\":\"ecs\"},\"SecretOptions\":null},\"Memory\":null,\"MemoryReservation\":null,\"MountPoints\":[],\"Name\":\"flipeon-app-dev\",\"PortMappings\":[{\"AppProtocol\":\"\",\"ContainerPort\":80,\"ContainerPortRange\":null,\"HostPort\":80,\"Name\":null,\"Protocol\":\"tcp\"}],\"Privileged\":null,\"PseudoTerminal\":null,\"ReadonlyRootFilesystem\":null,\"RepositoryCredentials\":null,\"ResourceRequirements\":null,\"Secrets\":null,\"StartTimeout\":null,\"StopTimeout\":null,\"SystemControls\":[],\"Ulimits\":null,\"User\":null,\"VolumesFrom\":[],\"WorkingDirectory\":null}]\n",
            "cpu": "256",
            "ephemeral_storage": [],
            "execution_role_arn": "arn:aws:iam::767397742222:role/flipeon-app-dev-ecs-task-execution-role",
            "family": "flipeon-app-dev",
            "id": "flipeon-app-dev",
            "inference_accelerator": [],
            "ipc_mode": "",
            "memory": "512",
            "network_mode": "awsvpc",
            "pid_mode": "",
            "placement_constraints": [],
            "proxy_configuration": [],
            "requires_compatibilities": [
              "FARGATE"
            ],
            "revision": 30,
            "runtime_platform": [],
            "skip_destroy": false,
            "tags": {},
            "tags_all": {},
            "task_role_arn": "arn:aws:iam::767397742222:role/flipeon-app-dev-ecs-task-execution-role",
            "track_latest": false,
            "volume": []
          },
          "sensitive_attributes": [],
          "private": "eyJzY2hlbWFfdmVyc2lvbiI6IjEifQ==",
          "dependencies": [
            "data.aws_caller_identity.current",
            "module.ecs_app.aws_iam_role.ecs_task_execution",
            "module.load_balancer.aws_lb.application",
            "module.load_balancer.aws_lb_listener.http",
            "module.load_balancer.aws_lb_listener.http2",
            "module.load_balancer.aws_lb_listener.https",
            "module.load_balancer.aws_lb_target_group.application",
            "module.logs_bucket.aws_s3_bucket.bucket",
            "module.network.aws_subnet.private",
            "module.network.aws_vpc.main",
            "module.network.data.aws_availability_zones.available",
            "module.security_groups.aws_security_group.ecs"
          ]
        }
      ]
    },
    {
      "module": "module.ecs_app",
      "mode": "managed",
      "type": "aws_iam_policy",
      "name": "ecr_access_policy",
      "provider": "provider[\"registry.terraform.io/hashicorp/aws\"]",
      "instances": [
        {
          "schema_version": 0,
          "attributes": {
            "arn": "arn:aws:iam::767397742222:policy/flipeon-app-dev-ecr-access-policy",
            "attachment_count": 0,
            "description": "Permissão para acessar o Amazon ECR",
            "id": "arn:aws:iam::767397742222:policy/flipeon-app-dev-ecr-access-policy",
            "name": "flipeon-app-dev-ecr-access-policy",
            "name_prefix": "",
            "path": "/",
            "policy": "{\"Statement\":[{\"Action\":[\"ecr:GetDownloadUrlForLayer\",\"ecr:BatchGetImage\",\"ecr:GetAuthorizationToken\"],\"Effect\":\"Allow\",\"Resource\":\"*\"}],\"Version\":\"2012-10-17\"}",
            "policy_id": "ANPA3FLDYI2HK5LTLREBF",
            "tags": null,
            "tags_all": {}
          },
          "sensitive_attributes": [],
          "private": "bnVsbA==",
          "dependencies": [
            "module.load_balancer.aws_lb.application",
            "module.load_balancer.aws_lb_listener.http",
            "module.load_balancer.aws_lb_listener.http2",
            "module.load_balancer.aws_lb_listener.https",
            "module.load_balancer.aws_lb_target_group.application",
            "module.logs_bucket.aws_s3_bucket.bucket",
            "module.network.aws_subnet.private",
            "module.network.aws_vpc.main",
            "module.network.data.aws_availability_zones.available",
            "module.security_groups.aws_security_group.ecs"
          ]
        }
      ]
    },
    {
      "module": "module.ecs_app",
      "mode": "managed",
      "type": "aws_iam_role",
      "name": "ecs_task_execution",
      "provider": "provider[\"registry.terraform.io/hashicorp/aws\"]",
      "instances": [
        {
          "schema_version": 0,
          "attributes": {
            "arn": "arn:aws:iam::767397742222:role/flipeon-app-dev-ecs-task-execution-role",
            "assume_role_policy": "{\"Statement\":[{\"Action\":\"sts:AssumeRole\",\"Effect\":\"Allow\",\"Principal\":{\"Service\":\"ecs-tasks.amazonaws.com\"}}],\"Version\":\"2012-10-17\"}",
            "create_date": "2024-07-22T11:22:44Z",
            "description": "",
            "force_detach_policies": false,
            "id": "flipeon-app-dev-ecs-task-execution-role",
            "inline_policy": [
              {
                "name": "flipeon-app-dev-ecs-task-execution-policy",
                "policy": "{\"Version\":\"2012-10-17\",\"Statement\":[{\"Action\":[\"logs:CreateLogStream\",\"logs:PutLogEvents\"],\"Effect\":\"Allow\",\"Resource\":\"arn:aws:logs:us-east-1:767397742222:log-group:/ecs/flipeon-app-dev:*\"}]}"
              }
            ],
            "managed_policy_arns": [],
            "max_session_duration": 3600,
            "name": "flipeon-app-dev-ecs-task-execution-role",
            "name_prefix": "",
            "path": "/",
            "permissions_boundary": "",
            "tags": {},
            "tags_all": {},
            "unique_id": "AROA3FLDYI2HLHKG55U25"
          },
          "sensitive_attributes": [],
          "private": "bnVsbA==",
          "dependencies": [
            "module.load_balancer.aws_lb.application",
            "module.load_balancer.aws_lb_listener.http",
            "module.load_balancer.aws_lb_listener.http2",
            "module.load_balancer.aws_lb_listener.https",
            "module.load_balancer.aws_lb_target_group.application",
            "module.logs_bucket.aws_s3_bucket.bucket",
            "module.network.aws_subnet.private",
            "module.network.aws_vpc.main",
            "module.network.data.aws_availability_zones.available",
            "module.security_groups.aws_security_group.ecs"
          ]
        }
      ]
    },
    {
      "module": "module.ecs_app",
      "mode": "managed",
      "type": "aws_iam_role_policy",
      "name": "ecs_task_execution_policy",
      "provider": "provider[\"registry.terraform.io/hashicorp/aws\"]",
      "instances": [
        {
          "schema_version": 0,
          "attributes": {
            "id": "flipeon-app-dev-ecs-task-execution-role:flipeon-app-dev-ecs-task-execution-policy",
            "name": "flipeon-app-dev-ecs-task-execution-policy",
            "name_prefix": "",
            "policy": "{\"Version\":\"2012-10-17\",\"Statement\":[{\"Action\":[\"logs:CreateLogStream\",\"logs:PutLogEvents\"],\"Effect\":\"Allow\",\"Resource\":\"arn:aws:logs:us-east-1:767397742222:log-group:/ecs/flipeon-app-dev:*\"}]}",
            "role": "flipeon-app-dev-ecs-task-execution-role"
          },
          "sensitive_attributes": [],
          "private": "bnVsbA==",
          "dependencies": [
            "module.ecs_app.aws_iam_role.ecs_task_execution",
            "module.ecs_app.data.aws_caller_identity.current",
            "module.load_balancer.aws_lb.application",
            "module.load_balancer.aws_lb_listener.http",
            "module.load_balancer.aws_lb_listener.http2",
            "module.load_balancer.aws_lb_listener.https",
            "module.load_balancer.aws_lb_target_group.application",
            "module.logs_bucket.aws_s3_bucket.bucket",
            "module.network.aws_subnet.private",
            "module.network.aws_vpc.main",
            "module.network.data.aws_availability_zones.available",
            "module.security_groups.aws_security_group.ecs"
          ]
        }
      ]
    },
    {
      "module": "module.ecs_app",
      "mode": "managed",
      "type": "aws_iam_role_policy_attachment",
      "name": "ecr_access_attachment",
      "provider": "provider[\"registry.terraform.io/hashicorp/aws\"]",
      "instances": [
        {
          "schema_version": 0,
          "attributes": {
            "id": "flipeon-app-dev-ecs-task-execution-role-20240726130149249500000002",
            "policy_arn": "arn:aws:iam::767397742222:policy/flipeon-app-dev-ecr-access-policy",
            "role": "flipeon-app-dev-ecs-task-execution-role"
          },
          "sensitive_attributes": [],
          "private": "bnVsbA==",
          "dependencies": [
            "module.ecs_app.aws_iam_policy.ecr_access_policy",
            "module.ecs_app.aws_iam_role.ecs_task_execution",
            "module.load_balancer.aws_lb.application",
            "module.load_balancer.aws_lb_listener.http",
            "module.load_balancer.aws_lb_listener.http2",
            "module.load_balancer.aws_lb_listener.https",
            "module.load_balancer.aws_lb_target_group.application",
            "module.logs_bucket.aws_s3_bucket.bucket",
            "module.network.aws_subnet.private",
            "module.network.aws_vpc.main",
            "module.network.data.aws_availability_zones.available",
            "module.security_groups.aws_security_group.ecs"
          ]
        }
      ]
    },
    {
      "module": "module.gateway",
      "mode": "managed",
      "type": "aws_internet_gateway",
      "name": "gw",
      "provider": "provider[\"registry.terraform.io/hashicorp/aws\"]",
      "instances": [
        {
          "schema_version": 0,
          "attributes": {
            "arn": "arn:aws:ec2:us-east-1:767397742222:internet-gateway/igw-0be556b884d9b0c19",
            "id": "igw-0be556b884d9b0c19",
            "owner_id": "767397742222",
            "tags": {
              "Name": "gw-flipeon",
              "ProjectGroup": "grp-flipeon-dev"
            },
            "tags_all": {
              "Name": "gw-flipeon",
              "ProjectGroup": "grp-flipeon-dev"
            },
            "timeouts": null,
            "vpc_id": "vpc-0b8cbea029c93c563"
          },
          "sensitive_attributes": [],
          "private": "eyJlMmJmYjczMC1lY2FhLTExZTYtOGY4OC0zNDM2M2JjN2M0YzAiOnsiY3JlYXRlIjoxMjAwMDAwMDAwMDAwLCJkZWxldGUiOjEyMDAwMDAwMDAwMDAsInVwZGF0ZSI6MTIwMDAwMDAwMDAwMH19",
          "dependencies": [
            "module.network.aws_vpc.main"
          ]
        }
      ]
    },
    {
      "module": "module.gateway",
      "mode": "managed",
      "type": "aws_route_table",
      "name": "public",
      "provider": "provider[\"registry.terraform.io/hashicorp/aws\"]",
      "instances": [
        {
          "schema_version": 0,
          "attributes": {
            "arn": "arn:aws:ec2:us-east-1:767397742222:route-table/rtb-05d7813d83aa30e43",
            "id": "rtb-05d7813d83aa30e43",
            "owner_id": "767397742222",
            "propagating_vgws": [],
            "route": [
              {
                "carrier_gateway_id": "",
                "cidr_block": "0.0.0.0/0",
                "core_network_arn": "",
                "destination_prefix_list_id": "",
                "egress_only_gateway_id": "",
                "gateway_id": "igw-0be556b884d9b0c19",
                "ipv6_cidr_block": "",
                "local_gateway_id": "",
                "nat_gateway_id": "",
                "network_interface_id": "",
                "transit_gateway_id": "",
                "vpc_endpoint_id": "",
                "vpc_peering_connection_id": ""
              }
            ],
            "tags": {},
            "tags_all": {},
            "timeouts": null,
            "vpc_id": "vpc-0b8cbea029c93c563"
          },
          "sensitive_attributes": [],
          "private": "eyJlMmJmYjczMC1lY2FhLTExZTYtOGY4OC0zNDM2M2JjN2M0YzAiOnsiY3JlYXRlIjozMDAwMDAwMDAwMDAsImRlbGV0ZSI6MzAwMDAwMDAwMDAwLCJ1cGRhdGUiOjEyMDAwMDAwMDAwMH19",
          "dependencies": [
            "module.gateway.aws_internet_gateway.gw",
            "module.network.aws_vpc.main"
          ]
        }
      ]
    },
    {
      "module": "module.gateway",
      "mode": "managed",
      "type": "aws_route_table_association",
      "name": "public",
      "provider": "provider[\"registry.terraform.io/hashicorp/aws\"]",
      "instances": [
        {
          "index_key": 0,
          "schema_version": 0,
          "attributes": {
            "gateway_id": "",
            "id": "rtbassoc-0d343b7749ad21498",
            "route_table_id": "rtb-05d7813d83aa30e43",
            "subnet_id": "subnet-0109cf9a69bb0f1c4",
            "timeouts": null
          },
          "sensitive_attributes": [],
          "private": "eyJlMmJmYjczMC1lY2FhLTExZTYtOGY4OC0zNDM2M2JjN2M0YzAiOnsiY3JlYXRlIjozMDAwMDAwMDAwMDAsImRlbGV0ZSI6MzAwMDAwMDAwMDAwLCJ1cGRhdGUiOjEyMDAwMDAwMDAwMH19",
          "dependencies": [
            "module.gateway.aws_internet_gateway.gw",
            "module.gateway.aws_route_table.public",
            "module.network.aws_subnet.public",
            "module.network.aws_vpc.main",
            "module.network.data.aws_availability_zones.available"
          ]
        },
        {
          "index_key": 1,
          "schema_version": 0,
          "attributes": {
            "gateway_id": "",
            "id": "rtbassoc-0b7827a968db0c640",
            "route_table_id": "rtb-05d7813d83aa30e43",
            "subnet_id": "subnet-05e06403fd7750f32",
            "timeouts": null
          },
          "sensitive_attributes": [],
          "private": "eyJlMmJmYjczMC1lY2FhLTExZTYtOGY4OC0zNDM2M2JjN2M0YzAiOnsiY3JlYXRlIjozMDAwMDAwMDAwMDAsImRlbGV0ZSI6MzAwMDAwMDAwMDAwLCJ1cGRhdGUiOjEyMDAwMDAwMDAwMH19",
          "dependencies": [
            "module.gateway.aws_internet_gateway.gw",
            "module.gateway.aws_route_table.public",
            "module.network.aws_subnet.public",
            "module.network.aws_vpc.main",
            "module.network.data.aws_availability_zones.available"
          ]
        },
        {
          "index_key": 2,
          "schema_version": 0,
          "attributes": {
            "gateway_id": "",
            "id": "rtbassoc-0a00c1c3616d84626",
            "route_table_id": "rtb-05d7813d83aa30e43",
            "subnet_id": "subnet-08692561d25381158",
            "timeouts": null
          },
          "sensitive_attributes": [],
          "private": "eyJlMmJmYjczMC1lY2FhLTExZTYtOGY4OC0zNDM2M2JjN2M0YzAiOnsiY3JlYXRlIjozMDAwMDAwMDAwMDAsImRlbGV0ZSI6MzAwMDAwMDAwMDAwLCJ1cGRhdGUiOjEyMDAwMDAwMDAwMH19",
          "dependencies": [
            "module.gateway.aws_internet_gateway.gw",
            "module.gateway.aws_route_table.public",
            "module.network.aws_subnet.public",
            "module.network.aws_vpc.main",
            "module.network.data.aws_availability_zones.available"
          ]
        }
      ]
    },
    {
      "module": "module.load_balancer",
      "mode": "managed",
      "type": "aws_lb",
      "name": "application",
      "provider": "module.load_balancer.provider[\"registry.terraform.io/hashicorp/aws\"]",
      "instances": [
        {
          "schema_version": 0,
          "attributes": {
            "access_logs": [
              {
                "bucket": "",
                "enabled": false,
                "prefix": ""
              }
            ],
            "arn": "arn:aws:elasticloadbalancing:us-east-1:767397742222:loadbalancer/app/lb-flipeon-dev/c70e815258dfaf0b",
            "arn_suffix": "app/lb-flipeon-dev/c70e815258dfaf0b",
            "client_keep_alive": 3600,
            "connection_logs": [
              {
                "bucket": "",
                "enabled": false,
                "prefix": ""
              }
            ],
            "customer_owned_ipv4_pool": "",
            "desync_mitigation_mode": "defensive",
            "dns_name": "lb-flipeon-dev-53444042.us-east-1.elb.amazonaws.com",
            "dns_record_client_routing_policy": null,
            "drop_invalid_header_fields": false,
            "enable_cross_zone_load_balancing": true,
            "enable_deletion_protection": false,
            "enable_http2": true,
            "enable_tls_version_and_cipher_suite_headers": false,
            "enable_waf_fail_open": false,
            "enable_xff_client_port": false,
            "enforce_security_group_inbound_rules_on_private_link_traffic": "",
            "id": "arn:aws:elasticloadbalancing:us-east-1:767397742222:loadbalancer/app/lb-flipeon-dev/c70e815258dfaf0b",
            "idle_timeout": 60,
            "internal": false,
            "ip_address_type": "ipv4",
            "load_balancer_type": "application",
            "name": "lb-flipeon-dev",
            "name_prefix": "",
            "preserve_host_header": false,
            "security_groups": [
              "sg-05f8819fa1c7eb5bb"
            ],
            "subnet_mapping": [
              {
                "allocation_id": "",
                "ipv6_address": "",
                "outpost_id": "",
                "private_ipv4_address": "",
                "subnet_id": "subnet-01d23aa744ba800ea"
              },
              {
                "allocation_id": "",
                "ipv6_address": "",
                "outpost_id": "",
                "private_ipv4_address": "",
                "subnet_id": "subnet-060ab0b594e6a29db"
              },
              {
                "allocation_id": "",
                "ipv6_address": "",
                "outpost_id": "",
                "private_ipv4_address": "",
                "subnet_id": "subnet-0b41626a4ac6fb60c"
              }
            ],
            "subnets": [
              "subnet-01d23aa744ba800ea",
              "subnet-060ab0b594e6a29db",
              "subnet-0b41626a4ac6fb60c"
            ],
            "tags": {
              "Name": "flipeon-lb-dev",
              "ProjectGroup": "grp-flipeon-dev"
            },
            "tags_all": {
              "Name": "flipeon-lb-dev",
              "ProjectGroup": "grp-flipeon-dev"
            },
            "timeouts": null,
            "vpc_id": "vpc-0b8cbea029c93c563",
            "xff_header_processing_mode": "append",
            "zone_id": "Z35SXDOTRQ7X7K"
          },
          "sensitive_attributes": [],
          "private": "eyJlMmJmYjczMC1lY2FhLTExZTYtOGY4OC0zNDM2M2JjN2M0YzAiOnsiY3JlYXRlIjo2MDAwMDAwMDAwMDAsImRlbGV0ZSI6NjAwMDAwMDAwMDAwLCJ1cGRhdGUiOjYwMDAwMDAwMDAwMH19",
          "dependencies": [
            "module.logs_bucket.aws_s3_bucket.bucket",
            "module.network.aws_subnet.private",
            "module.network.aws_vpc.main",
            "module.network.data.aws_availability_zones.available",
            "module.security_groups.aws_security_group.ecs"
          ]
        }
      ]
    },
    {
      "module": "module.load_balancer",
      "mode": "managed",
      "type": "aws_lb_listener",
      "name": "http2",
      "provider": "module.load_balancer.provider[\"registry.terraform.io/hashicorp/aws\"]",
      "instances": [
        {
          "index_key": 0,
          "schema_version": 0,
          "attributes": {
            "alpn_policy": null,
            "arn": "arn:aws:elasticloadbalancing:us-east-1:767397742222:listener/app/lb-flipeon-dev/c70e815258dfaf0b/ced264da422458c8",
            "certificate_arn": null,
            "default_action": [
              {
                "authenticate_cognito": [],
                "authenticate_oidc": [],
                "fixed_response": [],
                "forward": [],
                "order": 1,
                "redirect": [],
                "target_group_arn": "arn:aws:elasticloadbalancing:us-east-1:767397742222:targetgroup/tg-lb-flipeon-dev/38da65fe3ce02a09",
                "type": "forward"
              }
            ],
            "id": "arn:aws:elasticloadbalancing:us-east-1:767397742222:listener/app/lb-flipeon-dev/c70e815258dfaf0b/ced264da422458c8",
            "load_balancer_arn": "arn:aws:elasticloadbalancing:us-east-1:767397742222:loadbalancer/app/lb-flipeon-dev/c70e815258dfaf0b",
            "mutual_authentication": [],
            "port": 80,
            "protocol": "HTTP",
            "ssl_policy": "",
            "tags": {},
            "tags_all": {},
            "timeouts": null
          },
          "sensitive_attributes": [],
          "private": "eyJlMmJmYjczMC1lY2FhLTExZTYtOGY4OC0zNDM2M2JjN2M0YzAiOnsiY3JlYXRlIjozMDAwMDAwMDAwMDAsInVwZGF0ZSI6MzAwMDAwMDAwMDAwfX0=",
          "dependencies": [
            "module.load_balancer.aws_lb.application",
            "module.load_balancer.aws_lb_target_group.application",
            "module.logs_bucket.aws_s3_bucket.bucket",
            "module.network.aws_subnet.private",
            "module.network.aws_vpc.main",
            "module.network.data.aws_availability_zones.available",
            "module.security_groups.aws_security_group.ecs"
          ]
        }
      ]
    },
    {
      "module": "module.load_balancer",
      "mode": "managed",
      "type": "aws_lb_target_group",
      "name": "application",
      "provider": "module.load_balancer.provider[\"registry.terraform.io/hashicorp/aws\"]",
      "instances": [
        {
          "schema_version": 0,
          "attributes": {
            "arn": "arn:aws:elasticloadbalancing:us-east-1:767397742222:targetgroup/tg-lb-flipeon-dev/38da65fe3ce02a09",
            "arn_suffix": "targetgroup/tg-lb-flipeon-dev/38da65fe3ce02a09",
            "connection_termination": null,
            "deregistration_delay": "300",
            "health_check": [
              {
                "enabled": true,
                "healthy_threshold": 2,
                "interval": 30,
                "matcher": "200",
                "path": "/",
                "port": "traffic-port",
                "protocol": "HTTP",
                "timeout": 5,
                "unhealthy_threshold": 2
              }
            ],
            "id": "arn:aws:elasticloadbalancing:us-east-1:767397742222:targetgroup/tg-lb-flipeon-dev/38da65fe3ce02a09",
            "ip_address_type": "ipv4",
            "lambda_multi_value_headers_enabled": false,
            "load_balancer_arns": [
              "arn:aws:elasticloadbalancing:us-east-1:767397742222:loadbalancer/app/lb-flipeon-dev/c70e815258dfaf0b"
            ],
            "load_balancing_algorithm_type": "round_robin",
            "load_balancing_anomaly_mitigation": "off",
            "load_balancing_cross_zone_enabled": "use_load_balancer_configuration",
            "name": "tg-lb-flipeon-dev",
            "name_prefix": "",
            "port": 80,
            "preserve_client_ip": null,
            "protocol": "HTTP",
            "protocol_version": "HTTP1",
            "proxy_protocol_v2": false,
            "slow_start": 0,
            "stickiness": [
              {
                "cookie_duration": 86400,
                "cookie_name": "",
                "enabled": false,
                "type": "lb_cookie"
              }
            ],
            "tags": {},
            "tags_all": {},
            "target_failover": [
              {
                "on_deregistration": null,
                "on_unhealthy": null
              }
            ],
            "target_group_health": [
              {
                "dns_failover": [
                  {
                    "minimum_healthy_targets_count": "1",
                    "minimum_healthy_targets_percentage": "off"
                  }
                ],
                "unhealthy_state_routing": [
                  {
                    "minimum_healthy_targets_count": 1,
                    "minimum_healthy_targets_percentage": "off"
                  }
                ]
              }
            ],
            "target_health_state": [
              {
                "enable_unhealthy_connection_termination": null
              }
            ],
            "target_type": "ip",
            "vpc_id": "vpc-0b8cbea029c93c563"
          },
          "sensitive_attributes": [],
          "private": "bnVsbA==",
          "dependencies": [
            "module.network.aws_vpc.main"
          ]
        }
      ]
    },
    {
      "module": "module.logs_bucket",
      "mode": "managed",
      "type": "aws_s3_bucket",
      "name": "bucket",
      "provider": "provider[\"registry.terraform.io/hashicorp/aws\"]",
      "instances": [
        {
          "schema_version": 0,
          "attributes": {
            "acceleration_status": "",
            "acl": null,
            "arn": "arn:aws:s3:::logs-bucket-flipeon-dev",
            "bucket": "logs-bucket-flipeon-dev",
            "bucket_domain_name": "logs-bucket-flipeon-dev.s3.amazonaws.com",
            "bucket_prefix": "",
            "bucket_regional_domain_name": "logs-bucket-flipeon-dev.s3.us-east-1.amazonaws.com",
            "cors_rule": [],
            "force_destroy": false,
            "grant": [
              {
                "id": "466ea7a24b078ca4fc514b88d39e746b76ee88af9331a5ffe0c0f006c4d0cb62",
                "permissions": [
                  "FULL_CONTROL"
                ],
                "type": "CanonicalUser",
                "uri": ""
              }
            ],
            "hosted_zone_id": "Z3AQBSTGFYJSTF",
            "id": "logs-bucket-flipeon-dev",
            "lifecycle_rule": [
              {
                "abort_incomplete_multipart_upload_days": 0,
                "enabled": true,
                "expiration": [
                  {
                    "date": "",
                    "days": 365,
                    "expired_object_delete_marker": false
                  }
                ],
                "id": "expire_old_objects",
                "noncurrent_version_expiration": [],
                "noncurrent_version_transition": [],
                "prefix": "",
                "tags": {},
                "transition": [
                  {
                    "date": "",
                    "days": 3,
                    "storage_class": "GLACIER"
                  }
                ]
              }
            ],
            "logging": [],
            "object_lock_configuration": [],
            "object_lock_enabled": false,
            "policy": "{\"Statement\":[{\"Action\":[\"s3:GetObject\",\"s3:ListBucket\"],\"Effect\":\"Allow\",\"Principal\":\"*\",\"Resource\":[\"arn:aws:s3:::logs-bucket-flipeon-dev\",\"arn:aws:s3:::logs-bucket-flipeon-dev/*\"]}],\"Version\":\"2012-10-17\"}",
            "region": "us-east-1",
            "replication_configuration": [],
            "request_payer": "BucketOwner",
            "server_side_encryption_configuration": [
              {
                "rule": [
                  {
                    "apply_server_side_encryption_by_default": [
                      {
                        "kms_master_key_id": "",
                        "sse_algorithm": "AES256"
                      }
                    ],
                    "bucket_key_enabled": false
                  }
                ]
              }
            ],
            "tags": {
              "Name": "logs-bucket-flipeon-dev",
              "ProjectGroup": "grp-flipeon-dev"
            },
            "tags_all": {
              "Name": "logs-bucket-flipeon-dev",
              "ProjectGroup": "grp-flipeon-dev"
            },
            "timeouts": null,
            "versioning": [
              {
                "enabled": false,
                "mfa_delete": false
              }
            ],
            "website": [],
            "website_domain": null,
            "website_endpoint": null
          },
          "sensitive_attributes": [],
          "private": "eyJlMmJmYjczMC1lY2FhLTExZTYtOGY4OC0zNDM2M2JjN2M0YzAiOnsiY3JlYXRlIjoxMjAwMDAwMDAwMDAwLCJkZWxldGUiOjM2MDAwMDAwMDAwMDAsInJlYWQiOjEyMDAwMDAwMDAwMDAsInVwZGF0ZSI6MTIwMDAwMDAwMDAwMH19"
        }
      ]
    },
    {
      "module": "module.logs_bucket",
      "mode": "managed",
      "type": "aws_s3_bucket_lifecycle_configuration",
      "name": "bucket_lifecycle",
      "provider": "provider[\"registry.terraform.io/hashicorp/aws\"]",
      "instances": [
        {
          "index_key": 0,
          "schema_version": 0,
          "attributes": {
            "bucket": "logs-bucket-flipeon-dev",
            "expected_bucket_owner": "",
            "id": "logs-bucket-flipeon-dev",
            "rule": [
              {
                "abort_incomplete_multipart_upload": [],
                "expiration": [
                  {
                    "date": "",
                    "days": 365,
                    "expired_object_delete_marker": false
                  }
                ],
                "filter": [
                  {
                    "and": [],
                    "object_size_greater_than": "",
                    "object_size_less_than": "",
                    "prefix": "",
                    "tag": []
                  }
                ],
                "id": "expire_old_objects",
                "noncurrent_version_expiration": [],
                "noncurrent_version_transition": [],
                "prefix": "",
                "status": "Enabled",
                "transition": [
                  {
                    "date": "",
                    "days": 3,
                    "storage_class": "GLACIER"
                  }
                ]
              }
            ],
            "timeouts": null
          },
          "sensitive_attributes": [],
          "private": "eyJlMmJmYjczMC1lY2FhLTExZTYtOGY4OC0zNDM2M2JjN2M0YzAiOnsiY3JlYXRlIjoxODAwMDAwMDAwMDAsInVwZGF0ZSI6MTgwMDAwMDAwMDAwfX0=",
          "dependencies": [
            "module.logs_bucket.aws_s3_bucket.bucket"
          ]
        }
      ]
    },
    {
      "module": "module.logs_bucket",
      "mode": "managed",
      "type": "aws_s3_bucket_policy",
      "name": "bucket_policy",
      "provider": "provider[\"registry.terraform.io/hashicorp/aws\"]",
      "instances": [
        {
          "schema_version": 0,
          "attributes": {
            "bucket": "logs-bucket-flipeon-dev",
            "id": "logs-bucket-flipeon-dev",
            "policy": "{\"Statement\":[{\"Action\":[\"s3:GetObject\",\"s3:ListBucket\"],\"Effect\":\"Allow\",\"Principal\":\"*\",\"Resource\":[\"arn:aws:s3:::logs-bucket-flipeon-dev\",\"arn:aws:s3:::logs-bucket-flipeon-dev/*\"]}],\"Version\":\"2012-10-17\"}"
          },
          "sensitive_attributes": [],
          "private": "bnVsbA==",
          "dependencies": [
            "module.logs_bucket.aws_s3_bucket.bucket",
            "module.logs_bucket.aws_s3_bucket_public_access_block.bucket_policy_settings"
          ]
        }
      ]
    },
    {
      "module": "module.logs_bucket",
      "mode": "managed",
      "type": "aws_s3_bucket_public_access_block",
      "name": "bucket_policy_settings",
      "provider": "provider[\"registry.terraform.io/hashicorp/aws\"]",
      "instances": [
        {
          "schema_version": 0,
          "attributes": {
            "block_public_acls": false,
            "block_public_policy": false,
            "bucket": "logs-bucket-flipeon-dev",
            "id": "logs-bucket-flipeon-dev",
            "ignore_public_acls": false,
            "restrict_public_buckets": false
          },
          "sensitive_attributes": [],
          "private": "bnVsbA==",
          "dependencies": [
            "module.logs_bucket.aws_s3_bucket.bucket"
          ]
        }
      ]
    },
    {
      "module": "module.network",
      "mode": "data",
      "type": "aws_availability_zones",
      "name": "available",
      "provider": "provider[\"registry.terraform.io/hashicorp/aws\"]",
      "instances": [
        {
          "schema_version": 0,
          "attributes": {
            "all_availability_zones": null,
            "exclude_names": null,
            "exclude_zone_ids": null,
            "filter": null,
            "group_names": [
              "us-east-1"
            ],
            "id": "us-east-1",
            "names": [
              "us-east-1a",
              "us-east-1b",
              "us-east-1c",
              "us-east-1d",
              "us-east-1e",
              "us-east-1f"
            ],
            "state": null,
            "timeouts": null,
            "zone_ids": [
              "use1-az4",
              "use1-az6",
              "use1-az1",
              "use1-az2",
              "use1-az3",
              "use1-az5"
            ]
          },
          "sensitive_attributes": []
        }
      ]
    },
    {
      "module": "module.network",
      "mode": "managed",
      "type": "aws_db_subnet_group",
      "name": "database",
      "provider": "provider[\"registry.terraform.io/hashicorp/aws\"]",
      "instances": [
        {
          "schema_version": 0,
          "attributes": {
            "arn": "arn:aws:rds:us-east-1:767397742222:subgrp:flipeon-dev-db-subnet-group",
            "description": "Managed by Terraform",
            "id": "flipeon-dev-db-subnet-group",
            "name": "flipeon-dev-db-subnet-group",
            "name_prefix": "",
            "subnet_ids": [
              "subnet-01d23aa744ba800ea",
              "subnet-060ab0b594e6a29db",
              "subnet-0b41626a4ac6fb60c"
            ],
            "supported_network_types": [
              "IPV4"
            ],
            "tags": {
              "Name": "flipeon-dev-db-subnet-group",
              "ProjectGroup": "grp-flipeon-dev"
            },
            "tags_all": {
              "Name": "flipeon-dev-db-subnet-group",
              "ProjectGroup": "grp-flipeon-dev"
            },
            "vpc_id": "vpc-0b8cbea029c93c563"
          },
          "sensitive_attributes": [],
          "private": "bnVsbA==",
          "dependencies": [
            "module.network.aws_subnet.private",
            "module.network.aws_vpc.main",
            "module.network.data.aws_availability_zones.available"
          ]
        }
      ]
    },
    {
      "module": "module.network",
      "mode": "managed",
      "type": "aws_subnet",
      "name": "private",
      "provider": "provider[\"registry.terraform.io/hashicorp/aws\"]",
      "instances": [
        {
          "index_key": 0,
          "schema_version": 1,
          "attributes": {
            "arn": "arn:aws:ec2:us-east-1:767397742222:subnet/subnet-0b41626a4ac6fb60c",
            "assign_ipv6_address_on_creation": false,
            "availability_zone": "us-east-1a",
            "availability_zone_id": "use1-az4",
            "cidr_block": "10.0.1.0/24",
            "customer_owned_ipv4_pool": "",
            "enable_dns64": false,
            "enable_lni_at_device_index": 0,
            "enable_resource_name_dns_a_record_on_launch": false,
            "enable_resource_name_dns_aaaa_record_on_launch": false,
            "id": "subnet-0b41626a4ac6fb60c",
            "ipv6_cidr_block": "",
            "ipv6_cidr_block_association_id": "",
            "ipv6_native": false,
            "map_customer_owned_ip_on_launch": false,
            "map_public_ip_on_launch": false,
            "outpost_arn": "",
            "owner_id": "767397742222",
            "private_dns_hostname_type_on_launch": "ip-name",
            "tags": {
              "Name": "private-subnet-0",
              "ProjectGroup": "grp-flipeon-dev"
            },
            "tags_all": {
              "Name": "private-subnet-0",
              "ProjectGroup": "grp-flipeon-dev"
            },
            "timeouts": null,
            "vpc_id": "vpc-0b8cbea029c93c563"
          },
          "sensitive_attributes": [],
          "private": "eyJlMmJmYjczMC1lY2FhLTExZTYtOGY4OC0zNDM2M2JjN2M0YzAiOnsiY3JlYXRlIjo2MDAwMDAwMDAwMDAsImRlbGV0ZSI6MTIwMDAwMDAwMDAwMH0sInNjaGVtYV92ZXJzaW9uIjoiMSJ9",
          "dependencies": [
            "module.network.aws_vpc.main",
            "module.network.data.aws_availability_zones.available"
          ]
        },
        {
          "index_key": 1,
          "schema_version": 1,
          "attributes": {
            "arn": "arn:aws:ec2:us-east-1:767397742222:subnet/subnet-01d23aa744ba800ea",
            "assign_ipv6_address_on_creation": false,
            "availability_zone": "us-east-1b",
            "availability_zone_id": "use1-az6",
            "cidr_block": "10.0.2.0/24",
            "customer_owned_ipv4_pool": "",
            "enable_dns64": false,
            "enable_lni_at_device_index": 0,
            "enable_resource_name_dns_a_record_on_launch": false,
            "enable_resource_name_dns_aaaa_record_on_launch": false,
            "id": "subnet-01d23aa744ba800ea",
            "ipv6_cidr_block": "",
            "ipv6_cidr_block_association_id": "",
            "ipv6_native": false,
            "map_customer_owned_ip_on_launch": false,
            "map_public_ip_on_launch": false,
            "outpost_arn": "",
            "owner_id": "767397742222",
            "private_dns_hostname_type_on_launch": "ip-name",
            "tags": {
              "Name": "private-subnet-1",
              "ProjectGroup": "grp-flipeon-dev"
            },
            "tags_all": {
              "Name": "private-subnet-1",
              "ProjectGroup": "grp-flipeon-dev"
            },
            "timeouts": null,
            "vpc_id": "vpc-0b8cbea029c93c563"
          },
          "sensitive_attributes": [],
          "private": "eyJlMmJmYjczMC1lY2FhLTExZTYtOGY4OC0zNDM2M2JjN2M0YzAiOnsiY3JlYXRlIjo2MDAwMDAwMDAwMDAsImRlbGV0ZSI6MTIwMDAwMDAwMDAwMH0sInNjaGVtYV92ZXJzaW9uIjoiMSJ9",
          "dependencies": [
            "module.network.aws_vpc.main",
            "module.network.data.aws_availability_zones.available"
          ]
        },
        {
          "index_key": 2,
          "schema_version": 1,
          "attributes": {
            "arn": "arn:aws:ec2:us-east-1:767397742222:subnet/subnet-060ab0b594e6a29db",
            "assign_ipv6_address_on_creation": false,
            "availability_zone": "us-east-1c",
            "availability_zone_id": "use1-az1",
            "cidr_block": "10.0.3.0/24",
            "customer_owned_ipv4_pool": "",
            "enable_dns64": false,
            "enable_lni_at_device_index": 0,
            "enable_resource_name_dns_a_record_on_launch": false,
            "enable_resource_name_dns_aaaa_record_on_launch": false,
            "id": "subnet-060ab0b594e6a29db",
            "ipv6_cidr_block": "",
            "ipv6_cidr_block_association_id": "",
            "ipv6_native": false,
            "map_customer_owned_ip_on_launch": false,
            "map_public_ip_on_launch": false,
            "outpost_arn": "",
            "owner_id": "767397742222",
            "private_dns_hostname_type_on_launch": "ip-name",
            "tags": {
              "Name": "private-subnet-2",
              "ProjectGroup": "grp-flipeon-dev"
            },
            "tags_all": {
              "Name": "private-subnet-2",
              "ProjectGroup": "grp-flipeon-dev"
            },
            "timeouts": null,
            "vpc_id": "vpc-0b8cbea029c93c563"
          },
          "sensitive_attributes": [],
          "private": "eyJlMmJmYjczMC1lY2FhLTExZTYtOGY4OC0zNDM2M2JjN2M0YzAiOnsiY3JlYXRlIjo2MDAwMDAwMDAwMDAsImRlbGV0ZSI6MTIwMDAwMDAwMDAwMH0sInNjaGVtYV92ZXJzaW9uIjoiMSJ9",
          "dependencies": [
            "module.network.aws_vpc.main",
            "module.network.data.aws_availability_zones.available"
          ]
        }
      ]
    },
    {
      "module": "module.network",
      "mode": "managed",
      "type": "aws_subnet",
      "name": "public",
      "provider": "provider[\"registry.terraform.io/hashicorp/aws\"]",
      "instances": [
        {
          "index_key": 0,
          "schema_version": 1,
          "attributes": {
            "arn": "arn:aws:ec2:us-east-1:767397742222:subnet/subnet-0109cf9a69bb0f1c4",
            "assign_ipv6_address_on_creation": false,
            "availability_zone": "us-east-1a",
            "availability_zone_id": "use1-az4",
            "cidr_block": "10.0.101.0/24",
            "customer_owned_ipv4_pool": "",
            "enable_dns64": false,
            "enable_lni_at_device_index": 0,
            "enable_resource_name_dns_a_record_on_launch": false,
            "enable_resource_name_dns_aaaa_record_on_launch": false,
            "id": "subnet-0109cf9a69bb0f1c4",
            "ipv6_cidr_block": "",
            "ipv6_cidr_block_association_id": "",
            "ipv6_native": false,
            "map_customer_owned_ip_on_launch": false,
            "map_public_ip_on_launch": false,
            "outpost_arn": "",
            "owner_id": "767397742222",
            "private_dns_hostname_type_on_launch": "ip-name",
            "tags": {
              "Name": "public-subnet-0",
              "ProjectGroup": "grp-flipeon-dev"
            },
            "tags_all": {
              "Name": "public-subnet-0",
              "ProjectGroup": "grp-flipeon-dev"
            },
            "timeouts": null,
            "vpc_id": "vpc-0b8cbea029c93c563"
          },
          "sensitive_attributes": [],
          "private": "eyJlMmJmYjczMC1lY2FhLTExZTYtOGY4OC0zNDM2M2JjN2M0YzAiOnsiY3JlYXRlIjo2MDAwMDAwMDAwMDAsImRlbGV0ZSI6MTIwMDAwMDAwMDAwMH0sInNjaGVtYV92ZXJzaW9uIjoiMSJ9",
          "dependencies": [
            "module.network.aws_vpc.main",
            "module.network.data.aws_availability_zones.available"
          ]
        },
        {
          "index_key": 1,
          "schema_version": 1,
          "attributes": {
            "arn": "arn:aws:ec2:us-east-1:767397742222:subnet/subnet-05e06403fd7750f32",
            "assign_ipv6_address_on_creation": false,
            "availability_zone": "us-east-1b",
            "availability_zone_id": "use1-az6",
            "cidr_block": "10.0.102.0/24",
            "customer_owned_ipv4_pool": "",
            "enable_dns64": false,
            "enable_lni_at_device_index": 0,
            "enable_resource_name_dns_a_record_on_launch": false,
            "enable_resource_name_dns_aaaa_record_on_launch": false,
            "id": "subnet-05e06403fd7750f32",
            "ipv6_cidr_block": "",
            "ipv6_cidr_block_association_id": "",
            "ipv6_native": false,
            "map_customer_owned_ip_on_launch": false,
            "map_public_ip_on_launch": false,
            "outpost_arn": "",
            "owner_id": "767397742222",
            "private_dns_hostname_type_on_launch": "ip-name",
            "tags": {
              "Name": "public-subnet-1",
              "ProjectGroup": "grp-flipeon-dev"
            },
            "tags_all": {
              "Name": "public-subnet-1",
              "ProjectGroup": "grp-flipeon-dev"
            },
            "timeouts": null,
            "vpc_id": "vpc-0b8cbea029c93c563"
          },
          "sensitive_attributes": [],
          "private": "eyJlMmJmYjczMC1lY2FhLTExZTYtOGY4OC0zNDM2M2JjN2M0YzAiOnsiY3JlYXRlIjo2MDAwMDAwMDAwMDAsImRlbGV0ZSI6MTIwMDAwMDAwMDAwMH0sInNjaGVtYV92ZXJzaW9uIjoiMSJ9",
          "dependencies": [
            "module.network.aws_vpc.main",
            "module.network.data.aws_availability_zones.available"
          ]
        },
        {
          "index_key": 2,
          "schema_version": 1,
          "attributes": {
            "arn": "arn:aws:ec2:us-east-1:767397742222:subnet/subnet-08692561d25381158",
            "assign_ipv6_address_on_creation": false,
            "availability_zone": "us-east-1c",
            "availability_zone_id": "use1-az1",
            "cidr_block": "10.0.103.0/24",
            "customer_owned_ipv4_pool": "",
            "enable_dns64": false,
            "enable_lni_at_device_index": 0,
            "enable_resource_name_dns_a_record_on_launch": false,
            "enable_resource_name_dns_aaaa_record_on_launch": false,
            "id": "subnet-08692561d25381158",
            "ipv6_cidr_block": "",
            "ipv6_cidr_block_association_id": "",
            "ipv6_native": false,
            "map_customer_owned_ip_on_launch": false,
            "map_public_ip_on_launch": false,
            "outpost_arn": "",
            "owner_id": "767397742222",
            "private_dns_hostname_type_on_launch": "ip-name",
            "tags": {
              "Name": "public-subnet-2",
              "ProjectGroup": "grp-flipeon-dev"
            },
            "tags_all": {
              "Name": "public-subnet-2",
              "ProjectGroup": "grp-flipeon-dev"
            },
            "timeouts": null,
            "vpc_id": "vpc-0b8cbea029c93c563"
          },
          "sensitive_attributes": [],
          "private": "eyJlMmJmYjczMC1lY2FhLTExZTYtOGY4OC0zNDM2M2JjN2M0YzAiOnsiY3JlYXRlIjo2MDAwMDAwMDAwMDAsImRlbGV0ZSI6MTIwMDAwMDAwMDAwMH0sInNjaGVtYV92ZXJzaW9uIjoiMSJ9",
          "dependencies": [
            "module.network.aws_vpc.main",
            "module.network.data.aws_availability_zones.available"
          ]
        }
      ]
    },
    {
      "module": "module.network",
      "mode": "managed",
      "type": "aws_vpc",
      "name": "main",
      "provider": "provider[\"registry.terraform.io/hashicorp/aws\"]",
      "instances": [
        {
          "schema_version": 1,
          "attributes": {
            "arn": "arn:aws:ec2:us-east-1:767397742222:vpc/vpc-0b8cbea029c93c563",
            "assign_generated_ipv6_cidr_block": false,
            "cidr_block": "10.0.0.0/16",
            "default_network_acl_id": "acl-02af1d75d8fa8f91b",
            "default_route_table_id": "rtb-09bc89d3a9ab6453e",
            "default_security_group_id": "sg-0f22e00d845e9d3e6",
            "dhcp_options_id": "dopt-09df5fd0aaf9594f3",
            "enable_dns_hostnames": false,
            "enable_dns_support": true,
            "enable_network_address_usage_metrics": false,
            "id": "vpc-0b8cbea029c93c563",
            "instance_tenancy": "default",
            "ipv4_ipam_pool_id": null,
            "ipv4_netmask_length": null,
            "ipv6_association_id": "",
            "ipv6_cidr_block": "",
            "ipv6_cidr_block_network_border_group": "",
            "ipv6_ipam_pool_id": "",
            "ipv6_netmask_length": 0,
            "main_route_table_id": "rtb-09bc89d3a9ab6453e",
            "owner_id": "767397742222",
            "tags": {},
            "tags_all": {}
          },
          "sensitive_attributes": [],
          "private": "eyJzY2hlbWFfdmVyc2lvbiI6IjEifQ=="
        }
      ]
    },
    {
      "module": "module.nfce_s3_lambda_storage",
      "mode": "managed",
      "type": "aws_cloudwatch_log_group",
      "name": "upload_lambda_logs",
      "provider": "provider[\"registry.terraform.io/hashicorp/aws\"]",
      "instances": [
        {
          "schema_version": 0,
          "attributes": {
            "arn": "arn:aws:logs:us-east-1:767397742222:log-group:/aws/lambda/nfce-s3-lambda-storage",
            "id": "/aws/lambda/nfce-s3-lambda-storage",
            "kms_key_id": "",
            "log_group_class": "STANDARD",
            "name": "/aws/lambda/nfce-s3-lambda-storage",
            "name_prefix": "",
            "retention_in_days": 7,
            "skip_destroy": false,
            "tags": {},
            "tags_all": {}
          },
          "sensitive_attributes": [],
          "private": "bnVsbA=="
        }
      ]
    },
    {
      "module": "module.nfce_s3_lambda_storage",
      "mode": "managed",
      "type": "aws_iam_role",
      "name": "lambda_execution_role",
      "provider": "provider[\"registry.terraform.io/hashicorp/aws\"]",
      "instances": [
        {
          "schema_version": 0,
          "attributes": {
            "arn": "arn:aws:iam::767397742222:role/nfce-s3-lambda-storage-role",
            "assume_role_policy": "{\"Statement\":[{\"Action\":\"sts:AssumeRole\",\"Effect\":\"Allow\",\"Principal\":{\"Service\":\"lambda.amazonaws.com\"}}],\"Version\":\"2012-10-17\"}",
            "create_date": "2024-07-26T11:11:09Z",
            "description": "",
            "force_detach_policies": false,
            "id": "nfce-s3-lambda-storage-role",
            "inline_policy": [
              {
                "name": "nfce-s3-lambda-storage-policy",
                "policy": "{\"Version\":\"2012-10-17\",\"Statement\":[{\"Action\":[\"logs:CreateLogGroup\",\"logs:CreateLogStream\",\"logs:PutLogEvents\",\"sqs:ReceiveMessage\",\"sqs:DeleteMessage\",\"sqs:GetQueueAttributes\"],\"Effect\":\"Allow\",\"Resource\":\"*\"}]}"
              }
            ],
            "managed_policy_arns": [],
            "max_session_duration": 3600,
            "name": "nfce-s3-lambda-storage-role",
            "name_prefix": "",
            "path": "/",
            "permissions_boundary": "",
            "tags": {},
            "tags_all": {},
            "unique_id": "AROA3FLDYI2HCOZ3IE5FT"
          },
          "sensitive_attributes": [],
          "private": "bnVsbA=="
        }
      ]
    },
    {
      "module": "module.nfce_s3_lambda_storage",
      "mode": "managed",
      "type": "aws_lambda_function",
      "name": "upload_lambda",
      "provider": "provider[\"registry.terraform.io/hashicorp/aws\"]",
      "instances": [
        {
          "schema_version": 0,
          "attributes": {
            "architectures": [
              "x86_64"
            ],
            "arn": "arn:aws:lambda:us-east-1:767397742222:function:nfce-s3-lambda-storage",
            "code_sha256": "s21QYEGSuvbVSUCL5Y7QK0siDmzWNzXPMJ2QvCr5DDI=",
            "code_signing_config_arn": "",
            "dead_letter_config": [],
            "description": "",
            "environment": [
              {
                "variables": {
                  "DEST_S3_BUCKET": "docs-bucket-flipeon-dev",
                  "FLIPEON_API": "http://dev.flipeon.com",
                  "SQS_QUEUE_URL": "https://sqs.us-east-1.amazonaws.com/767397742222/nfce-s3-storage-queue"
                }
              }
            ],
            "ephemeral_storage": [
              {
                "size": 512
              }
            ],
            "file_system_config": [],
            "filename": "./lambda/nfce-s3-lambda-storage/code.zip",
            "function_name": "nfce-s3-lambda-storage",
            "handler": "index.handler",
            "id": "nfce-s3-lambda-storage",
            "image_config": [],
            "image_uri": "",
            "invoke_arn": "arn:aws:apigateway:us-east-1:lambda:path/2015-03-31/functions/arn:aws:lambda:us-east-1:767397742222:function:nfce-s3-lambda-storage/invocations",
            "kms_key_arn": "",
            "last_modified": "2024-07-26T12:13:52.000+0000",
            "layers": [],
            "logging_config": [
              {
                "application_log_level": "",
                "log_format": "Text",
                "log_group": "/aws/lambda/nfce-s3-lambda-storage",
                "system_log_level": ""
              }
            ],
            "memory_size": 128,
            "package_type": "Zip",
            "publish": false,
            "qualified_arn": "arn:aws:lambda:us-east-1:767397742222:function:nfce-s3-lambda-storage:$LATEST",
            "qualified_invoke_arn": "arn:aws:apigateway:us-east-1:lambda:path/2015-03-31/functions/arn:aws:lambda:us-east-1:767397742222:function:nfce-s3-lambda-storage:$LATEST/invocations",
            "replace_security_groups_on_destroy": null,
            "replacement_security_group_ids": null,
            "reserved_concurrent_executions": -1,
            "role": "arn:aws:iam::767397742222:role/nfce-s3-lambda-storage-role",
            "runtime": "python3.12",
            "s3_bucket": null,
            "s3_key": null,
            "s3_object_version": null,
            "signing_job_arn": "",
            "signing_profile_version_arn": "",
            "skip_destroy": false,
            "snap_start": [],
            "source_code_hash": "s21QYEGSuvbVSUCL5Y7QK0siDmzWNzXPMJ2QvCr5DDI=",
            "source_code_size": 1749,
            "tags": {},
            "tags_all": {},
            "timeout": 3,
            "timeouts": null,
            "tracing_config": [
              {
                "mode": "PassThrough"
              }
            ],
            "version": "$LATEST",
            "vpc_config": []
          },
          "sensitive_attributes": [],
          "private": "eyJlMmJmYjczMC1lY2FhLTExZTYtOGY4OC0zNDM2M2JjN2M0YzAiOnsiY3JlYXRlIjo2MDAwMDAwMDAwMDAsImRlbGV0ZSI6NjAwMDAwMDAwMDAwLCJ1cGRhdGUiOjYwMDAwMDAwMDAwMH19",
          "dependencies": [
            "module.nfce_s3_lambda_storage.aws_iam_role.lambda_execution_role",
            "module.upload_sqs.aws_sqs_queue.new_queue"
          ]
        }
      ]
    },
    {
      "module": "module.nfce_s3_lambda_storage",
      "mode": "managed",
      "type": "aws_lambda_permission",
      "name": "allow_sqs",
      "provider": "provider[\"registry.terraform.io/hashicorp/aws\"]",
      "instances": [
        {
          "schema_version": 0,
          "attributes": {
            "action": "lambda:InvokeFunction",
            "event_source_token": null,
            "function_name": "nfce-s3-lambda-storage",
            "function_url_auth_type": null,
            "id": "AllowExecutionFromSQS",
            "principal": "sqs.amazonaws.com",
            "principal_org_id": null,
            "qualifier": "",
            "source_account": null,
            "source_arn": "arn:aws:sqs:us-east-1:767397742222:nfce-s3-storage-queue",
            "statement_id": "AllowExecutionFromSQS",
            "statement_id_prefix": ""
          },
          "sensitive_attributes": [],
          "private": "bnVsbA==",
          "dependencies": [
            "module.nfce_s3_lambda_storage.aws_iam_role.lambda_execution_role",
            "module.nfce_s3_lambda_storage.aws_lambda_function.upload_lambda",
            "module.upload_sqs.aws_sqs_queue.new_queue"
          ]
        }
      ]
    },
    {
      "module": "module.nfce_s3_lambda_storage",
      "mode": "managed",
      "type": "aws_sqs_queue_policy",
      "name": "allow_lambda",
      "provider": "provider[\"registry.terraform.io/hashicorp/aws\"]",
      "instances": [
        {
          "schema_version": 1,
          "attributes": {
            "id": "https://sqs.us-east-1.amazonaws.com/767397742222/nfce-s3-storage-queue",
            "policy": "{\"Statement\":[{\"Action\":\"SQS:SendMessage\",\"Effect\":\"Allow\",\"Principal\":{\"Service\":\"lambda.amazonaws.com\"},\"Resource\":\"https://sqs.us-east-1.amazonaws.com/767397742222/nfce-s3-storage-queue\"}],\"Version\":\"2012-10-17\"}",
            "queue_url": "https://sqs.us-east-1.amazonaws.com/767397742222/nfce-s3-storage-queue"
          },
          "sensitive_attributes": [],
          "private": "eyJzY2hlbWFfdmVyc2lvbiI6IjEifQ==",
          "dependencies": [
            "module.upload_sqs.aws_sqs_queue.new_queue"
          ]
        }
      ]
    },
    {
      "module": "module.rds",
      "mode": "managed",
      "type": "aws_db_instance",
      "name": "db_reader",
      "provider": "provider[\"registry.terraform.io/hashicorp/aws\"]",
      "instances": [
        {
          "schema_version": 2,
          "attributes": {
            "address": "flipeon-rds-dev-reader.cfms60mgqbeu.us-east-1.rds.amazonaws.com",
            "allocated_storage": 20,
            "allow_major_version_upgrade": null,
            "apply_immediately": true,
            "arn": "arn:aws:rds:us-east-1:767397742222:db:flipeon-rds-dev-reader",
            "auto_minor_version_upgrade": true,
            "availability_zone": "us-east-1b",
            "backup_retention_period": 0,
            "backup_target": "region",
            "backup_window": "09:12-09:42",
            "blue_green_update": [],
            "ca_cert_identifier": "rds-ca-rsa2048-g1",
            "character_set_name": "",
            "copy_tags_to_snapshot": false,
            "custom_iam_instance_profile": "",
            "customer_owned_ip_enabled": false,
            "db_name": "flipeon_dev",
            "db_subnet_group_name": "flipeon-dev-db-subnet-group",
            "dedicated_log_volume": false,
            "delete_automated_backups": true,
            "deletion_protection": false,
            "domain": "",
            "domain_auth_secret_arn": "",
            "domain_dns_ips": [],
            "domain_fqdn": "",
            "domain_iam_role_name": "",
            "domain_ou": "",
            "enabled_cloudwatch_logs_exports": [],
            "endpoint": "flipeon-rds-dev-reader.cfms60mgqbeu.us-east-1.rds.amazonaws.com:5432",
            "engine": "postgres",
            "engine_lifecycle_support": "open-source-rds-extended-support",
            "engine_version": "16.2",
            "engine_version_actual": "16.2",
            "final_snapshot_identifier": null,
            "hosted_zone_id": "Z2R2ITUGPM61AM",
            "iam_database_authentication_enabled": false,
            "id": "db-AM27O6Q2F7WYJUPYMNWBH3LR4E",
            "identifier": "flipeon-rds-dev-reader",
            "identifier_prefix": "",
            "instance_class": "db.t3.small",
            "iops": 0,
            "kms_key_id": "",
            "latest_restorable_time": "",
            "license_model": "postgresql-license",
            "listener_endpoint": [],
            "maintenance_window": "sat:06:50-sat:07:20",
            "manage_master_user_password": null,
            "master_user_secret": [],
            "master_user_secret_kms_key_id": null,
            "max_allocated_storage": 100,
            "monitoring_interval": 0,
            "monitoring_role_arn": "",
            "multi_az": false,
            "nchar_character_set_name": "",
            "network_type": "IPV4",
            "option_group_name": "default:postgres-16",
            "parameter_group_name": "default.postgres16",
            "password": null,
            "performance_insights_enabled": false,
            "performance_insights_kms_key_id": "",
            "performance_insights_retention_period": 0,
            "port": 5432,
            "publicly_accessible": false,
            "replica_mode": "",
            "replicas": [],
            "replicate_source_db": "flipeon-rds-dev-writer",
            "resource_id": "db-AM27O6Q2F7WYJUPYMNWBH3LR4E",
            "restore_to_point_in_time": [],
            "s3_import": [],
            "skip_final_snapshot": true,
            "snapshot_identifier": null,
            "status": "available",
            "storage_encrypted": false,
            "storage_throughput": 0,
            "storage_type": "gp2",
            "tags": {
              "Name": "flipeon-rds-dev-reader",
              "ProjectGroup": "grp-flipeon-dev"
            },
            "tags_all": {
              "Name": "flipeon-rds-dev-reader",
              "ProjectGroup": "grp-flipeon-dev"
            },
            "timeouts": null,
            "timezone": "",
            "username": "flipeon",
            "vpc_security_group_ids": [
              "sg-00b205a9e1fdeea01"
            ]
          },
          "sensitive_attributes": [
            [
              {
                "type": "get_attr",
                "value": "password"
              }
            ]
          ],
          "private": "eyJlMmJmYjczMC1lY2FhLTExZTYtOGY4OC0zNDM2M2JjN2M0YzAiOnsiY3JlYXRlIjoyNDAwMDAwMDAwMDAwLCJkZWxldGUiOjM2MDAwMDAwMDAwMDAsInVwZGF0ZSI6NDgwMDAwMDAwMDAwMH0sInNjaGVtYV92ZXJzaW9uIjoiMiJ9",
          "dependencies": [
            "module.network.aws_db_subnet_group.database",
            "module.network.aws_subnet.private",
            "module.network.aws_vpc.main",
            "module.network.data.aws_availability_zones.available",
            "module.rds.aws_db_instance.db_writer",
            "module.rds.random_password.db_password",
            "module.security_groups.aws_security_group.rds"
          ]
        }
      ]
    },
    {
      "module": "module.rds",
      "mode": "managed",
      "type": "aws_db_instance",
      "name": "db_writer",
      "provider": "provider[\"registry.terraform.io/hashicorp/aws\"]",
      "instances": [
        {
          "schema_version": 2,
          "attributes": {
            "address": "flipeon-rds-dev-writer.cfms60mgqbeu.us-east-1.rds.amazonaws.com",
            "allocated_storage": 20,
            "allow_major_version_upgrade": null,
            "apply_immediately": true,
            "arn": "arn:aws:rds:us-east-1:767397742222:db:flipeon-rds-dev-writer",
            "auto_minor_version_upgrade": true,
            "availability_zone": "us-east-1b",
            "backup_retention_period": 7,
            "backup_target": "region",
            "backup_window": "09:12-09:42",
            "blue_green_update": [],
            "ca_cert_identifier": "rds-ca-rsa2048-g1",
            "character_set_name": "",
            "copy_tags_to_snapshot": false,
            "custom_iam_instance_profile": "",
            "customer_owned_ip_enabled": false,
            "db_name": "flipeon_dev",
            "db_subnet_group_name": "flipeon-dev-db-subnet-group",
            "dedicated_log_volume": false,
            "delete_automated_backups": true,
            "deletion_protection": false,
            "domain": "",
            "domain_auth_secret_arn": "",
            "domain_dns_ips": [],
            "domain_fqdn": "",
            "domain_iam_role_name": "",
            "domain_ou": "",
            "enabled_cloudwatch_logs_exports": [],
            "endpoint": "flipeon-rds-dev-writer.cfms60mgqbeu.us-east-1.rds.amazonaws.com:5432",
            "engine": "postgres",
            "engine_lifecycle_support": "open-source-rds-extended-support",
            "engine_version": "16.2",
            "engine_version_actual": "16.2",
            "final_snapshot_identifier": null,
            "hosted_zone_id": "Z2R2ITUGPM61AM",
            "iam_database_authentication_enabled": false,
            "id": "db-ESTD72GB4ZL2JZ2G3XO6EYNOOI",
            "identifier": "flipeon-rds-dev-writer",
            "identifier_prefix": "",
            "instance_class": "db.t3.medium",
            "iops": 0,
            "kms_key_id": "",
            "latest_restorable_time": "2024-07-26T12:59:32Z",
            "license_model": "postgresql-license",
            "listener_endpoint": [],
            "maintenance_window": "sat:06:50-sat:07:20",
            "manage_master_user_password": null,
            "master_user_secret": [],
            "master_user_secret_kms_key_id": null,
            "max_allocated_storage": 100,
            "monitoring_interval": 0,
            "monitoring_role_arn": "",
            "multi_az": false,
            "nchar_character_set_name": "",
            "network_type": "IPV4",
            "option_group_name": "default:postgres-16",
            "parameter_group_name": "default.postgres16",
            "password": "uv4hwP4X3l2LGWZL",
            "performance_insights_enabled": false,
            "performance_insights_kms_key_id": "",
            "performance_insights_retention_period": 0,
            "port": 5432,
            "publicly_accessible": false,
            "replica_mode": "",
            "replicas": [
              "flipeon-rds-dev-reader"
            ],
            "replicate_source_db": "",
            "resource_id": "db-ESTD72GB4ZL2JZ2G3XO6EYNOOI",
            "restore_to_point_in_time": [],
            "s3_import": [],
            "skip_final_snapshot": true,
            "snapshot_identifier": null,
            "status": "available",
            "storage_encrypted": false,
            "storage_throughput": 0,
            "storage_type": "gp2",
            "tags": {
              "Name": "flipeon-rds-dev-writer",
              "ProjectGroup": "grp-flipeon-dev"
            },
            "tags_all": {
              "Name": "flipeon-rds-dev-writer",
              "ProjectGroup": "grp-flipeon-dev"
            },
            "timeouts": null,
            "timezone": "",
            "username": "flipeon",
            "vpc_security_group_ids": [
              "sg-00b205a9e1fdeea01"
            ]
          },
          "sensitive_attributes": [
            [
              {
                "type": "get_attr",
                "value": "password"
              }
            ]
          ],
          "private": "eyJlMmJmYjczMC1lY2FhLTExZTYtOGY4OC0zNDM2M2JjN2M0YzAiOnsiY3JlYXRlIjoyNDAwMDAwMDAwMDAwLCJkZWxldGUiOjM2MDAwMDAwMDAwMDAsInVwZGF0ZSI6NDgwMDAwMDAwMDAwMH0sInNjaGVtYV92ZXJzaW9uIjoiMiJ9",
          "dependencies": [
            "module.network.aws_db_subnet_group.database",
            "module.network.aws_subnet.private",
            "module.network.aws_vpc.main",
            "module.network.data.aws_availability_zones.available",
            "module.rds.random_password.db_password",
            "module.security_groups.aws_security_group.rds"
          ]
        }
      ]
    },
    {
      "module": "module.rds",
      "mode": "managed",
      "type": "local_file",
      "name": "db_password_file",
      "provider": "provider[\"registry.terraform.io/hashicorp/local\"]",
      "instances": [
        {
          "schema_version": 0,
          "attributes": {
            "content": "uv4hwP4X3l2LGWZL",
            "content_base64": null,
            "content_base64sha256": "NR/CnkTYrHqe9nIajaiO/uEzyVyVbY+f6PvZ4JqSZP0=",
            "content_base64sha512": "mIAKp3PJaECVFE2flvdvPuR8RVB5gWDIxsf6me8JDxyQCreC8AoZtLi0KF9eE4ZC79YIOaQLFR23FT69k025Vg==",
            "content_md5": "75ff0c364c167dffb8e66ef490802e50",
            "content_sha1": "87aff6dfd7b21202db30e219b56c5d15e5ff2d6c",
            "content_sha256": "351fc29e44d8ac7a9ef6721a8da88efee133c95c956d8f9fe8fbd9e09a9264fd",
            "content_sha512": "98800aa773c9684095144d9f96f76f3ee47c4550798160c8c6c7fa99ef090f1c900ab782f00a19b4b8b4285f5e138642efd60839a40b151db7153ebd934db956",
            "directory_permission": "0777",
            "file_permission": "0777",
            "filename": "rds/db_password.txt",
            "id": "87aff6dfd7b21202db30e219b56c5d15e5ff2d6c",
            "sensitive_content": null,
            "source": null
          },
          "sensitive_attributes": [
            [
              {
                "type": "get_attr",
                "value": "content"
              }
            ],
            [
              {
                "type": "get_attr",
                "value": "sensitive_content"
              }
            ]
          ],
          "dependencies": [
            "module.rds.random_password.db_password"
          ]
        }
      ]
    },
    {
      "module": "module.rds",
      "mode": "managed",
      "type": "random_password",
      "name": "db_password",
      "provider": "provider[\"registry.terraform.io/hashicorp/random\"]",
      "instances": [
        {
          "schema_version": 3,
          "attributes": {
            "bcrypt_hash": "$2a$10$MIOS9vq0/i37KtGPKgSCZuJwnCyUv189x6Txo.VmLqD/UturvQQNm",
            "id": "none",
            "keepers": null,
            "length": 16,
            "lower": true,
            "min_lower": 0,
            "min_numeric": 0,
            "min_special": 0,
            "min_upper": 0,
            "number": true,
            "numeric": true,
            "override_special": null,
            "result": "uv4hwP4X3l2LGWZL",
            "special": false,
            "upper": true
          },
          "sensitive_attributes": [
            [
              {
                "type": "get_attr",
                "value": "result"
              }
            ],
            [
              {
                "type": "get_attr",
                "value": "bcrypt_hash"
              }
            ]
          ]
        }
      ]
    },
    {
      "module": "module.route53",
      "mode": "managed",
      "type": "aws_route53_record",
      "name": "api",
      "provider": "module.route53.provider[\"registry.terraform.io/hashicorp/aws\"]",
      "instances": [
        {
          "schema_version": 2,
          "attributes": {
            "alias": [
              {
                "evaluate_target_health": true,
                "name": "lb-flipeon-dev-53444042.us-east-1.elb.amazonaws.com",
                "zone_id": "Z35SXDOTRQ7X7K"
              }
            ],
            "allow_overwrite": null,
            "cidr_routing_policy": [],
            "failover_routing_policy": [],
            "fqdn": "*.api.dev.flipeon.com",
            "geolocation_routing_policy": [],
            "geoproximity_routing_policy": [],
            "health_check_id": "",
            "id": "Z005244429D5U82OWF499_*.api_A",
            "latency_routing_policy": [],
            "multivalue_answer_routing_policy": false,
            "name": "*.api",
            "records": [],
            "set_identifier": "",
            "ttl": 0,
            "type": "A",
            "weighted_routing_policy": [],
            "zone_id": "Z005244429D5U82OWF499"
          },
          "sensitive_attributes": [],
          "private": "eyJzY2hlbWFfdmVyc2lvbiI6IjIifQ==",
          "dependencies": [
            "aws_route53_zone.primary",
            "module.load_balancer.aws_lb.application",
            "module.logs_bucket.aws_s3_bucket.bucket",
            "module.network.aws_subnet.private",
            "module.network.aws_vpc.main",
            "module.network.data.aws_availability_zones.available",
            "module.security_groups.aws_security_group.ecs"
          ]
        }
      ]
    },
    {
      "module": "module.route53",
      "mode": "managed",
      "type": "aws_route53_record",
      "name": "app",
      "provider": "module.route53.provider[\"registry.terraform.io/hashicorp/aws\"]",
      "instances": [
        {
          "schema_version": 2,
          "attributes": {
            "alias": [
              {
                "evaluate_target_health": true,
                "name": "lb-flipeon-dev-53444042.us-east-1.elb.amazonaws.com",
                "zone_id": "Z35SXDOTRQ7X7K"
              }
            ],
            "allow_overwrite": null,
            "cidr_routing_policy": [],
            "failover_routing_policy": [],
            "fqdn": "*.app.dev.flipeon.com",
            "geolocation_routing_policy": [],
            "geoproximity_routing_policy": [],
            "health_check_id": "",
            "id": "Z005244429D5U82OWF499_*.app_A",
            "latency_routing_policy": [],
            "multivalue_answer_routing_policy": false,
            "name": "*.app",
            "records": [],
            "set_identifier": "",
            "ttl": 0,
            "type": "A",
            "weighted_routing_policy": [],
            "zone_id": "Z005244429D5U82OWF499"
          },
          "sensitive_attributes": [],
          "private": "eyJzY2hlbWFfdmVyc2lvbiI6IjIifQ==",
          "dependencies": [
            "aws_route53_zone.primary",
            "module.load_balancer.aws_lb.application",
            "module.logs_bucket.aws_s3_bucket.bucket",
            "module.network.aws_subnet.private",
            "module.network.aws_vpc.main",
            "module.network.data.aws_availability_zones.available",
            "module.security_groups.aws_security_group.ecs"
          ]
        }
      ]
    },
    {
      "module": "module.route53",
      "mode": "managed",
      "type": "aws_route53_record",
      "name": "other_all",
      "provider": "module.route53.provider[\"registry.terraform.io/hashicorp/aws\"]",
      "instances": [
        {
          "schema_version": 2,
          "attributes": {
            "alias": [
              {
                "evaluate_target_health": true,
                "name": "lb-flipeon-dev-53444042.us-east-1.elb.amazonaws.com",
                "zone_id": "Z35SXDOTRQ7X7K"
              }
            ],
            "allow_overwrite": null,
            "cidr_routing_policy": [],
            "failover_routing_policy": [],
            "fqdn": "*.dev.flipeon.com",
            "geolocation_routing_policy": [],
            "geoproximity_routing_policy": [],
            "health_check_id": "",
            "id": "Z005244429D5U82OWF499_*_A",
            "latency_routing_policy": [],
            "multivalue_answer_routing_policy": false,
            "name": "*",
            "records": [],
            "set_identifier": "",
            "ttl": 0,
            "type": "A",
            "weighted_routing_policy": [],
            "zone_id": "Z005244429D5U82OWF499"
          },
          "sensitive_attributes": [],
          "private": "eyJzY2hlbWFfdmVyc2lvbiI6IjIifQ==",
          "dependencies": [
            "aws_route53_zone.primary",
            "module.load_balancer.aws_lb.application",
            "module.logs_bucket.aws_s3_bucket.bucket",
            "module.network.aws_subnet.private",
            "module.network.aws_vpc.main",
            "module.network.data.aws_availability_zones.available",
            "module.security_groups.aws_security_group.ecs"
          ]
        }
      ]
    },
    {
      "module": "module.route53",
      "mode": "managed",
      "type": "aws_route53_record",
      "name": "www",
      "provider": "module.route53.provider[\"registry.terraform.io/hashicorp/aws\"]",
      "instances": [
        {
          "schema_version": 2,
          "attributes": {
            "alias": [
              {
                "evaluate_target_health": true,
                "name": "lb-flipeon-dev-53444042.us-east-1.elb.amazonaws.com",
                "zone_id": "Z35SXDOTRQ7X7K"
              }
            ],
            "allow_overwrite": null,
            "cidr_routing_policy": [],
            "failover_routing_policy": [],
            "fqdn": "www.dev.flipeon.com",
            "geolocation_routing_policy": [],
            "geoproximity_routing_policy": [],
            "health_check_id": "",
            "id": "Z005244429D5U82OWF499_www_A",
            "latency_routing_policy": [],
            "multivalue_answer_routing_policy": false,
            "name": "www",
            "records": [],
            "set_identifier": "",
            "ttl": 0,
            "type": "A",
            "weighted_routing_policy": [],
            "zone_id": "Z005244429D5U82OWF499"
          },
          "sensitive_attributes": [],
          "private": "eyJzY2hlbWFfdmVyc2lvbiI6IjIifQ==",
          "dependencies": [
            "aws_route53_zone.primary",
            "module.load_balancer.aws_lb.application",
            "module.logs_bucket.aws_s3_bucket.bucket",
            "module.network.aws_subnet.private",
            "module.network.aws_vpc.main",
            "module.network.data.aws_availability_zones.available",
            "module.security_groups.aws_security_group.ecs"
          ]
        }
      ]
    },
    {
      "module": "module.security_groups",
      "mode": "managed",
      "type": "aws_security_group",
      "name": "ecs",
      "provider": "provider[\"registry.terraform.io/hashicorp/aws\"]",
      "instances": [
        {
          "schema_version": 1,
          "attributes": {
            "arn": "arn:aws:ec2:us-east-1:767397742222:security-group/sg-05f8819fa1c7eb5bb",
            "description": "Security group for ECS",
            "egress": [
              {
                "cidr_blocks": [
                  "0.0.0.0/0"
                ],
                "description": "",
                "from_port": 0,
                "ipv6_cidr_blocks": [],
                "prefix_list_ids": [],
                "protocol": "-1",
                "security_groups": [],
                "self": false,
                "to_port": 0
              }
            ],
            "id": "sg-05f8819fa1c7eb5bb",
            "ingress": [
              {
                "cidr_blocks": [
                  "0.0.0.0/0"
                ],
                "description": "",
                "from_port": 443,
                "ipv6_cidr_blocks": [],
                "prefix_list_ids": [],
                "protocol": "tcp",
                "security_groups": [],
                "self": false,
                "to_port": 443
              },
              {
                "cidr_blocks": [
                  "0.0.0.0/0"
                ],
                "description": "",
                "from_port": 80,
                "ipv6_cidr_blocks": [],
                "prefix_list_ids": [],
                "protocol": "tcp",
                "security_groups": [],
                "self": false,
                "to_port": 80
              }
            ],
            "name": "ecs-security-group",
            "name_prefix": "",
            "owner_id": "767397742222",
            "revoke_rules_on_delete": false,
            "tags": {
              "Name": "ecs-security-group",
              "ProjectGroup": "grp-flipeon-dev"
            },
            "tags_all": {
              "Name": "ecs-security-group",
              "ProjectGroup": "grp-flipeon-dev"
            },
            "timeouts": null,
            "vpc_id": "vpc-0b8cbea029c93c563"
          },
          "sensitive_attributes": [],
          "private": "eyJlMmJmYjczMC1lY2FhLTExZTYtOGY4OC0zNDM2M2JjN2M0YzAiOnsiY3JlYXRlIjo2MDAwMDAwMDAwMDAsImRlbGV0ZSI6OTAwMDAwMDAwMDAwfSwic2NoZW1hX3ZlcnNpb24iOiIxIn0=",
          "dependencies": [
            "module.network.aws_vpc.main"
          ]
        }
      ]
    },
    {
      "module": "module.security_groups",
      "mode": "managed",
      "type": "aws_security_group",
      "name": "rds",
      "provider": "provider[\"registry.terraform.io/hashicorp/aws\"]",
      "instances": [
        {
          "schema_version": 1,
          "attributes": {
            "arn": "arn:aws:ec2:us-east-1:767397742222:security-group/sg-00b205a9e1fdeea01",
            "description": "Security group for RDS",
            "egress": [
              {
                "cidr_blocks": [
                  "0.0.0.0/0"
                ],
                "description": "",
                "from_port": 0,
                "ipv6_cidr_blocks": [],
                "prefix_list_ids": [],
                "protocol": "-1",
                "security_groups": [],
                "self": false,
                "to_port": 0
              }
            ],
            "id": "sg-00b205a9e1fdeea01",
            "ingress": [
              {
                "cidr_blocks": [
                  "0.0.0.0/0"
                ],
                "description": "",
                "from_port": 5432,
                "ipv6_cidr_blocks": [],
                "prefix_list_ids": [],
                "protocol": "tcp",
                "security_groups": [],
                "self": false,
                "to_port": 5432
              }
            ],
            "name": "rds-security-group",
            "name_prefix": "",
            "owner_id": "767397742222",
            "revoke_rules_on_delete": false,
            "tags": {
              "Name": "rds-security-group",
              "ProjectGroup": "grp-flipeon-dev"
            },
            "tags_all": {
              "Name": "rds-security-group",
              "ProjectGroup": "grp-flipeon-dev"
            },
            "timeouts": null,
            "vpc_id": "vpc-0b8cbea029c93c563"
          },
          "sensitive_attributes": [],
          "private": "eyJlMmJmYjczMC1lY2FhLTExZTYtOGY4OC0zNDM2M2JjN2M0YzAiOnsiY3JlYXRlIjo2MDAwMDAwMDAwMDAsImRlbGV0ZSI6OTAwMDAwMDAwMDAwfSwic2NoZW1hX3ZlcnNpb24iOiIxIn0=",
          "dependencies": [
            "module.network.aws_vpc.main"
          ]
        }
      ]
    },
    {
      "module": "module.support_bucket",
      "mode": "managed",
      "type": "aws_s3_bucket",
      "name": "bucket",
      "provider": "provider[\"registry.terraform.io/hashicorp/aws\"]",
      "instances": [
        {
          "schema_version": 0,
          "attributes": {
            "acceleration_status": "",
            "acl": null,
            "arn": "arn:aws:s3:::support-bucket-flipeon-dev",
            "bucket": "support-bucket-flipeon-dev",
            "bucket_domain_name": "support-bucket-flipeon-dev.s3.amazonaws.com",
            "bucket_prefix": "",
            "bucket_regional_domain_name": "support-bucket-flipeon-dev.s3.us-east-1.amazonaws.com",
            "cors_rule": [],
            "force_destroy": false,
            "grant": [
              {
                "id": "466ea7a24b078ca4fc514b88d39e746b76ee88af9331a5ffe0c0f006c4d0cb62",
                "permissions": [
                  "FULL_CONTROL"
                ],
                "type": "CanonicalUser",
                "uri": ""
              }
            ],
            "hosted_zone_id": "Z3AQBSTGFYJSTF",
            "id": "support-bucket-flipeon-dev",
            "lifecycle_rule": [
              {
                "abort_incomplete_multipart_upload_days": 0,
                "enabled": true,
                "expiration": [
                  {
                    "date": "",
                    "days": 30,
                    "expired_object_delete_marker": false
                  }
                ],
                "id": "expire_old_objects",
                "noncurrent_version_expiration": [],
                "noncurrent_version_transition": [],
                "prefix": "",
                "tags": {},
                "transition": [
                  {
                    "date": "",
                    "days": 7,
                    "storage_class": "GLACIER"
                  }
                ]
              }
            ],
            "logging": [],
            "object_lock_configuration": [],
            "object_lock_enabled": false,
            "policy": "{\"Statement\":[{\"Action\":[\"s3:GetObject\",\"s3:ListBucket\"],\"Effect\":\"Allow\",\"Principal\":\"*\",\"Resource\":[\"arn:aws:s3:::support-bucket-flipeon-dev\",\"arn:aws:s3:::support-bucket-flipeon-dev/*\"]}],\"Version\":\"2012-10-17\"}",
            "region": "us-east-1",
            "replication_configuration": [],
            "request_payer": "BucketOwner",
            "server_side_encryption_configuration": [
              {
                "rule": [
                  {
                    "apply_server_side_encryption_by_default": [
                      {
                        "kms_master_key_id": "",
                        "sse_algorithm": "AES256"
                      }
                    ],
                    "bucket_key_enabled": false
                  }
                ]
              }
            ],
            "tags": {
              "Name": "support-bucket-flipeon-dev",
              "ProjectGroup": "grp-flipeon-dev"
            },
            "tags_all": {
              "Name": "support-bucket-flipeon-dev",
              "ProjectGroup": "grp-flipeon-dev"
            },
            "timeouts": null,
            "versioning": [
              {
                "enabled": false,
                "mfa_delete": false
              }
            ],
            "website": [],
            "website_domain": null,
            "website_endpoint": null
          },
          "sensitive_attributes": [],
          "private": "eyJlMmJmYjczMC1lY2FhLTExZTYtOGY4OC0zNDM2M2JjN2M0YzAiOnsiY3JlYXRlIjoxMjAwMDAwMDAwMDAwLCJkZWxldGUiOjM2MDAwMDAwMDAwMDAsInJlYWQiOjEyMDAwMDAwMDAwMDAsInVwZGF0ZSI6MTIwMDAwMDAwMDAwMH19"
        }
      ]
    },
    {
      "module": "module.support_bucket",
      "mode": "managed",
      "type": "aws_s3_bucket_lifecycle_configuration",
      "name": "bucket_lifecycle",
      "provider": "provider[\"registry.terraform.io/hashicorp/aws\"]",
      "instances": [
        {
          "index_key": 0,
          "schema_version": 0,
          "attributes": {
            "bucket": "support-bucket-flipeon-dev",
            "expected_bucket_owner": "",
            "id": "support-bucket-flipeon-dev",
            "rule": [
              {
                "abort_incomplete_multipart_upload": [],
                "expiration": [
                  {
                    "date": "",
                    "days": 30,
                    "expired_object_delete_marker": false
                  }
                ],
                "filter": [
                  {
                    "and": [],
                    "object_size_greater_than": "",
                    "object_size_less_than": "",
                    "prefix": "",
                    "tag": []
                  }
                ],
                "id": "expire_old_objects",
                "noncurrent_version_expiration": [],
                "noncurrent_version_transition": [],
                "prefix": "",
                "status": "Enabled",
                "transition": [
                  {
                    "date": "",
                    "days": 7,
                    "storage_class": "GLACIER"
                  }
                ]
              }
            ],
            "timeouts": null
          },
          "sensitive_attributes": [],
          "private": "eyJlMmJmYjczMC1lY2FhLTExZTYtOGY4OC0zNDM2M2JjN2M0YzAiOnsiY3JlYXRlIjoxODAwMDAwMDAwMDAsInVwZGF0ZSI6MTgwMDAwMDAwMDAwfX0=",
          "dependencies": [
            "module.support_bucket.aws_s3_bucket.bucket"
          ]
        }
      ]
    },
    {
      "module": "module.support_bucket",
      "mode": "managed",
      "type": "aws_s3_bucket_policy",
      "name": "bucket_policy",
      "provider": "provider[\"registry.terraform.io/hashicorp/aws\"]",
      "instances": [
        {
          "schema_version": 0,
          "attributes": {
            "bucket": "support-bucket-flipeon-dev",
            "id": "support-bucket-flipeon-dev",
            "policy": "{\"Statement\":[{\"Action\":[\"s3:GetObject\",\"s3:ListBucket\"],\"Effect\":\"Allow\",\"Principal\":\"*\",\"Resource\":[\"arn:aws:s3:::support-bucket-flipeon-dev\",\"arn:aws:s3:::support-bucket-flipeon-dev/*\"]}],\"Version\":\"2012-10-17\"}"
          },
          "sensitive_attributes": [],
          "private": "bnVsbA==",
          "dependencies": [
            "module.support_bucket.aws_s3_bucket.bucket",
            "module.support_bucket.aws_s3_bucket_public_access_block.bucket_policy_settings"
          ]
        }
      ]
    },
    {
      "module": "module.support_bucket",
      "mode": "managed",
      "type": "aws_s3_bucket_public_access_block",
      "name": "bucket_policy_settings",
      "provider": "provider[\"registry.terraform.io/hashicorp/aws\"]",
      "instances": [
        {
          "schema_version": 0,
          "attributes": {
            "block_public_acls": false,
            "block_public_policy": false,
            "bucket": "support-bucket-flipeon-dev",
            "id": "support-bucket-flipeon-dev",
            "ignore_public_acls": false,
            "restrict_public_buckets": false
          },
          "sensitive_attributes": [],
          "private": "bnVsbA==",
          "dependencies": [
            "module.support_bucket.aws_s3_bucket.bucket"
          ]
        }
      ]
    },
    {
      "module": "module.upload_sqs",
      "mode": "managed",
      "type": "aws_sqs_queue",
      "name": "new_queue",
      "provider": "provider[\"registry.terraform.io/hashicorp/aws\"]",
      "instances": [
        {
          "schema_version": 0,
          "attributes": {
            "arn": "arn:aws:sqs:us-east-1:767397742222:nfce-s3-storage-queue",
            "content_based_deduplication": false,
            "deduplication_scope": "",
            "delay_seconds": 0,
            "fifo_queue": false,
            "fifo_throughput_limit": "",
            "id": "https://sqs.us-east-1.amazonaws.com/767397742222/nfce-s3-storage-queue",
            "kms_data_key_reuse_period_seconds": 300,
            "kms_master_key_id": "",
            "max_message_size": 262144,
            "message_retention_seconds": 345600,
            "name": "nfce-s3-storage-queue",
            "name_prefix": "",
            "policy": "{\"Statement\":[{\"Action\":\"SQS:SendMessage\",\"Effect\":\"Allow\",\"Principal\":{\"Service\":\"lambda.amazonaws.com\"},\"Resource\":\"https://sqs.us-east-1.amazonaws.com/767397742222/nfce-s3-storage-queue\"}],\"Version\":\"2012-10-17\"}",
            "receive_wait_time_seconds": 0,
            "redrive_allow_policy": "",
            "redrive_policy": "",
            "sqs_managed_sse_enabled": true,
            "tags": {},
            "tags_all": {},
            "url": "https://sqs.us-east-1.amazonaws.com/767397742222/nfce-s3-storage-queue",
            "visibility_timeout_seconds": 30
          },
          "sensitive_attributes": [],
          "private": "bnVsbA=="
        }
      ]
    },
    {
      "module": "module.uploads_bucket",
      "mode": "managed",
      "type": "aws_s3_bucket",
      "name": "bucket",
      "provider": "provider[\"registry.terraform.io/hashicorp/aws\"]",
      "instances": [
        {
          "schema_version": 0,
          "attributes": {
            "acceleration_status": "",
            "acl": null,
            "arn": "arn:aws:s3:::uploads-bucket-flipeon-dev",
            "bucket": "uploads-bucket-flipeon-dev",
            "bucket_domain_name": "uploads-bucket-flipeon-dev.s3.amazonaws.com",
            "bucket_prefix": "",
            "bucket_regional_domain_name": "uploads-bucket-flipeon-dev.s3.us-east-1.amazonaws.com",
            "cors_rule": [],
            "force_destroy": false,
            "grant": [
              {
                "id": "466ea7a24b078ca4fc514b88d39e746b76ee88af9331a5ffe0c0f006c4d0cb62",
                "permissions": [
                  "FULL_CONTROL"
                ],
                "type": "CanonicalUser",
                "uri": ""
              }
            ],
            "hosted_zone_id": "Z3AQBSTGFYJSTF",
            "id": "uploads-bucket-flipeon-dev",
            "lifecycle_rule": [
              {
                "abort_incomplete_multipart_upload_days": 0,
                "enabled": true,
                "expiration": [
                  {
                    "date": "",
                    "days": 365,
                    "expired_object_delete_marker": false
                  }
                ],
                "id": "expire_old_objects",
                "noncurrent_version_expiration": [],
                "noncurrent_version_transition": [],
                "prefix": "",
                "tags": {},
                "transition": [
                  {
                    "date": "",
                    "days": 30,
                    "storage_class": "GLACIER"
                  }
                ]
              }
            ],
            "logging": [],
            "object_lock_configuration": [],
            "object_lock_enabled": false,
            "policy": "{\"Statement\":[{\"Action\":[\"s3:GetObject\",\"s3:ListBucket\"],\"Effect\":\"Allow\",\"Principal\":\"*\",\"Resource\":[\"arn:aws:s3:::uploads-bucket-flipeon-dev\",\"arn:aws:s3:::uploads-bucket-flipeon-dev/*\"]}],\"Version\":\"2012-10-17\"}",
            "region": "us-east-1",
            "replication_configuration": [],
            "request_payer": "BucketOwner",
            "server_side_encryption_configuration": [
              {
                "rule": [
                  {
                    "apply_server_side_encryption_by_default": [
                      {
                        "kms_master_key_id": "",
                        "sse_algorithm": "AES256"
                      }
                    ],
                    "bucket_key_enabled": false
                  }
                ]
              }
            ],
            "tags": {
              "Name": "uploads-bucket-flipeon-dev",
              "ProjectGroup": "grp-flipeon-dev"
            },
            "tags_all": {
              "Name": "uploads-bucket-flipeon-dev",
              "ProjectGroup": "grp-flipeon-dev"
            },
            "timeouts": null,
            "versioning": [
              {
                "enabled": false,
                "mfa_delete": false
              }
            ],
            "website": [],
            "website_domain": null,
            "website_endpoint": null
          },
          "sensitive_attributes": [],
          "private": "eyJlMmJmYjczMC1lY2FhLTExZTYtOGY4OC0zNDM2M2JjN2M0YzAiOnsiY3JlYXRlIjoxMjAwMDAwMDAwMDAwLCJkZWxldGUiOjM2MDAwMDAwMDAwMDAsInJlYWQiOjEyMDAwMDAwMDAwMDAsInVwZGF0ZSI6MTIwMDAwMDAwMDAwMH19"
        }
      ]
    },
    {
      "module": "module.uploads_bucket",
      "mode": "managed",
      "type": "aws_s3_bucket_lifecycle_configuration",
      "name": "bucket_lifecycle",
      "provider": "provider[\"registry.terraform.io/hashicorp/aws\"]",
      "instances": [
        {
          "index_key": 0,
          "schema_version": 0,
          "attributes": {
            "bucket": "uploads-bucket-flipeon-dev",
            "expected_bucket_owner": "",
            "id": "uploads-bucket-flipeon-dev",
            "rule": [
              {
                "abort_incomplete_multipart_upload": [],
                "expiration": [
                  {
                    "date": "",
                    "days": 365,
                    "expired_object_delete_marker": false
                  }
                ],
                "filter": [
                  {
                    "and": [],
                    "object_size_greater_than": "",
                    "object_size_less_than": "",
                    "prefix": "",
                    "tag": []
                  }
                ],
                "id": "expire_old_objects",
                "noncurrent_version_expiration": [],
                "noncurrent_version_transition": [],
                "prefix": "",
                "status": "Enabled",
                "transition": [
                  {
                    "date": "",
                    "days": 30,
                    "storage_class": "GLACIER"
                  }
                ]
              }
            ],
            "timeouts": null
          },
          "sensitive_attributes": [],
          "private": "eyJlMmJmYjczMC1lY2FhLTExZTYtOGY4OC0zNDM2M2JjN2M0YzAiOnsiY3JlYXRlIjoxODAwMDAwMDAwMDAsInVwZGF0ZSI6MTgwMDAwMDAwMDAwfX0=",
          "dependencies": [
            "module.uploads_bucket.aws_s3_bucket.bucket"
          ]
        }
      ]
    },
    {
      "module": "module.uploads_bucket",
      "mode": "managed",
      "type": "aws_s3_bucket_policy",
      "name": "bucket_policy",
      "provider": "provider[\"registry.terraform.io/hashicorp/aws\"]",
      "instances": [
        {
          "schema_version": 0,
          "attributes": {
            "bucket": "uploads-bucket-flipeon-dev",
            "id": "uploads-bucket-flipeon-dev",
            "policy": "{\"Statement\":[{\"Action\":[\"s3:GetObject\",\"s3:ListBucket\"],\"Effect\":\"Allow\",\"Principal\":\"*\",\"Resource\":[\"arn:aws:s3:::uploads-bucket-flipeon-dev\",\"arn:aws:s3:::uploads-bucket-flipeon-dev/*\"]}],\"Version\":\"2012-10-17\"}"
          },
          "sensitive_attributes": [],
          "private": "bnVsbA==",
          "dependencies": [
            "module.uploads_bucket.aws_s3_bucket.bucket",
            "module.uploads_bucket.aws_s3_bucket_public_access_block.bucket_policy_settings"
          ]
        }
      ]
    },
    {
      "module": "module.uploads_bucket",
      "mode": "managed",
      "type": "aws_s3_bucket_public_access_block",
      "name": "bucket_policy_settings",
      "provider": "provider[\"registry.terraform.io/hashicorp/aws\"]",
      "instances": [
        {
          "schema_version": 0,
          "attributes": {
            "block_public_acls": false,
            "block_public_policy": false,
            "bucket": "uploads-bucket-flipeon-dev",
            "id": "uploads-bucket-flipeon-dev",
            "ignore_public_acls": false,
            "restrict_public_buckets": false
          },
          "sensitive_attributes": [],
          "private": "bnVsbA==",
          "dependencies": [
            "module.uploads_bucket.aws_s3_bucket.bucket"
          ]
        }
      ]
    }
  ],
  "check_results": null
}
